// !$*UTF8*$!
{
	archiveVersion = 1;
	classes = {
	};
	objectVersion = 46;
	objects = {

/* Begin PBXBuildFile section */
		3D02065F1E35B56500DCED4D /* EventDetailSorter.m in Sources */ = {isa = PBXBuildFile; fileRef = 3D02065E1E35B56500DCED4D /* EventDetailSorter.m */; };
		3D45210F1E2EC189002E416C /* KeychainManager.m in Sources */ = {isa = PBXBuildFile; fileRef = 3D45210E1E2EC189002E416C /* KeychainManager.m */; };
		3D4521121E2EC1C6002E416C /* UserInfo.m in Sources */ = {isa = PBXBuildFile; fileRef = 3D4521111E2EC1C6002E416C /* UserInfo.m */; };
		3D4521141E2ECDE0002E416C /* Cuties.jpg in Resources */ = {isa = PBXBuildFile; fileRef = 3D4521131E2ECDE0002E416C /* Cuties.jpg */; };
		3D4521181E2ED2F5002E416C /* ServerManager.m in Sources */ = {isa = PBXBuildFile; fileRef = 3D4521171E2ED2F5002E416C /* ServerManager.m */; };
		3D45211B1E2EFB67002E416C /* WelcomeViewController.m in Sources */ = {isa = PBXBuildFile; fileRef = 3D45211A1E2EFB67002E416C /* WelcomeViewController.m */; };
		3D45211E1E2EFBA2002E416C /* InputNameViewController.m in Sources */ = {isa = PBXBuildFile; fileRef = 3D45211D1E2EFBA2002E416C /* InputNameViewController.m */; };
		3D4521241E2EFBD3002E416C /* ConfirmationViewController.m in Sources */ = {isa = PBXBuildFile; fileRef = 3D4521231E2EFBD3002E416C /* ConfirmationViewController.m */; };
		3D4521271E2EFC08002E416C /* PhotoViewController.m in Sources */ = {isa = PBXBuildFile; fileRef = 3D4521261E2EFC08002E416C /* PhotoViewController.m */; };
		3D45212B1E2F09BD002E416C /* HomePageViewController.m in Sources */ = {isa = PBXBuildFile; fileRef = 3D45212A1E2F09BD002E416C /* HomePageViewController.m */; };
		3D4521321E2F3159002E416C /* SetupViewController.m in Sources */ = {isa = PBXBuildFile; fileRef = 3D4521311E2F3159002E416C /* SetupViewController.m */; };
		3D50154C1E23AB21006F5F20 /* Events.storyboard in Resources */ = {isa = PBXBuildFile; fileRef = 3D50154A1E23AB21006F5F20 /* Events.storyboard */; };
		3D50154E1E23AB42006F5F20 /* Calendar.storyboard in Resources */ = {isa = PBXBuildFile; fileRef = 3D50154D1E23AB42006F5F20 /* Calendar.storyboard */; };
		3D5015501E23ABC2006F5F20 /* Map.storyboard in Resources */ = {isa = PBXBuildFile; fileRef = 3D50154F1E23ABC2006F5F20 /* Map.storyboard */; };
		3D5015531E23ABED006F5F20 /* Contact.storyboard in Resources */ = {isa = PBXBuildFile; fileRef = 3D5015511E23ABED006F5F20 /* Contact.storyboard */; };
		3D5015601E26079C006F5F20 /* AccountVerificationViewController.m in Sources */ = {isa = PBXBuildFile; fileRef = 3D50155F1E26079C006F5F20 /* AccountVerificationViewController.m */; };
		3D81C4581E33509C00C8E22F /* Plus.png in Resources */ = {isa = PBXBuildFile; fileRef = 3D81C4571E33509C00C8E22F /* Plus.png */; };
		3D81C45B1E34629A00C8E22F /* EventTableViewCell.m in Sources */ = {isa = PBXBuildFile; fileRef = 3D81C45A1E34629A00C8E22F /* EventTableViewCell.m */; };
		3D81C45E1E34643800C8E22F /* EventsViewController.m in Sources */ = {isa = PBXBuildFile; fileRef = 3D81C45D1E34643800C8E22F /* EventsViewController.m */; };
		3DA5E5121E37AF5600D50E7C /* MapViewController.m in Sources */ = {isa = PBXBuildFile; fileRef = 3DA5E5111E37AF5600D50E7C /* MapViewController.m */; };
		3DA5E5141E37AFC400D50E7C /* MapKit.framework in Frameworks */ = {isa = PBXBuildFile; fileRef = 3DA5E5131E37AFC400D50E7C /* MapKit.framework */; };
		3DA5E5161E37AFCD00D50E7C /* CoreLocation.framework in Frameworks */ = {isa = PBXBuildFile; fileRef = 3DA5E5151E37AFCD00D50E7C /* CoreLocation.framework */; };
		3DB322071E114FF7002A9FD9 /* main.m in Sources */ = {isa = PBXBuildFile; fileRef = 3DB322061E114FF7002A9FD9 /* main.m */; };
		3DB3220A1E114FF7002A9FD9 /* AppDelegate.m in Sources */ = {isa = PBXBuildFile; fileRef = 3DB322091E114FF7002A9FD9 /* AppDelegate.m */; };
		3DB322101E114FF7002A9FD9 /* Main.storyboard in Resources */ = {isa = PBXBuildFile; fileRef = 3DB3220E1E114FF7002A9FD9 /* Main.storyboard */; };
		3DB322121E114FF7002A9FD9 /* Assets.xcassets in Resources */ = {isa = PBXBuildFile; fileRef = 3DB322111E114FF7002A9FD9 /* Assets.xcassets */; };
		3DB322151E114FF7002A9FD9 /* LaunchScreen.storyboard in Resources */ = {isa = PBXBuildFile; fileRef = 3DB322131E114FF7002A9FD9 /* LaunchScreen.storyboard */; };
		3DB3221E1E1182DC002A9FD9 /* Weather.storyboard in Resources */ = {isa = PBXBuildFile; fileRef = 3DB3221C1E1182DC002A9FD9 /* Weather.storyboard */; };
		3DFC71121E367354004D8975 /* libAFNetworking.a in Frameworks */ = {isa = PBXBuildFile; fileRef = 3DFC71111E367354004D8975 /* libAFNetworking.a */; };
		3DFC71141E36735A004D8975 /* libFSCalendar.a in Frameworks */ = {isa = PBXBuildFile; fileRef = 3DFC71131E36735A004D8975 /* libFSCalendar.a */; };
		3DFC71161E367369004D8975 /* libsqlite3.tbd in Frameworks */ = {isa = PBXBuildFile; fileRef = 3DFC71151E367369004D8975 /* libsqlite3.tbd */; };
		3DFC71191E367771004D8975 /* CalEventsTableViewCell.m in Sources */ = {isa = PBXBuildFile; fileRef = 3DFC71181E367771004D8975 /* CalEventsTableViewCell.m */; };
		99CFA874AD9FCD28C26F7FB0 /* libPods-ActiveAging_v1.0.a in Frameworks */ = {isa = PBXBuildFile; fileRef = 957C86A710CE53D2D16C9E1E /* libPods-ActiveAging_v1.0.a */; };
		AE09A0351E506D1D00F55B46 /* TimeViewController.m in Sources */ = {isa = PBXBuildFile; fileRef = AE09A0341E506D1D00F55B46 /* TimeViewController.m */; };
		AE09A0381E506D3000F55B46 /* LocationViewController.m in Sources */ = {isa = PBXBuildFile; fileRef = AE09A0371E506D3000F55B46 /* LocationViewController.m */; };
		AE09E5C61E470E640056110B /* EmergencyButton.m in Sources */ = {isa = PBXBuildFile; fileRef = AE09E5C51E470E640056110B /* EmergencyButton.m */; };
		AE09E5CD1E47571D0056110B /* LocationManager.m in Sources */ = {isa = PBXBuildFile; fileRef = AE09E5CC1E47571D0056110B /* LocationManager.m */; };
		AE0A0A581E600B01009572EA /* MKMapView+Autoadjustment.m in Sources */ = {isa = PBXBuildFile; fileRef = AE0A0A571E600B01009572EA /* MKMapView+Autoadjustment.m */; };
		AE0A0A5E1E6069A6009572EA /* WelcomeBackViewController.m in Sources */ = {isa = PBXBuildFile; fileRef = AE0A0A5D1E6069A6009572EA /* WelcomeBackViewController.m */; };
		AE0B0E551E46D69B00C4F076 /* SubViewController.m in Sources */ = {isa = PBXBuildFile; fileRef = AE0B0E541E46D69B00C4F076 /* SubViewController.m */; };
		AE10E2D51E50245400BEC03D /* OrganizationViewController.m in Sources */ = {isa = PBXBuildFile; fileRef = AE10E2D41E50245400BEC03D /* OrganizationViewController.m */; };
		AE10E2DB1E50247100BEC03D /* DescriptionViewController.m in Sources */ = {isa = PBXBuildFile; fileRef = AE10E2DA1E50247100BEC03D /* DescriptionViewController.m */; };
		AE1250B41E540266000CDAD6 /* DateManager.m in Sources */ = {isa = PBXBuildFile; fileRef = AE1250B31E540266000CDAD6 /* DateManager.m */; };
		AE130A541E4FFC3700141C97 /* EventDetailViewController.m in Sources */ = {isa = PBXBuildFile; fileRef = AE130A531E4FFC3700141C97 /* EventDetailViewController.m */; };
		AE1D3F4D1E52BB100011C6F8 /* CallButton.m in Sources */ = {isa = PBXBuildFile; fileRef = AE1D3F4C1E52BB100011C6F8 /* CallButton.m */; };
		AE240FE51E41B2C900AB6B33 /* ContactListViewController.m in Sources */ = {isa = PBXBuildFile; fileRef = AE240FE41E41B2C900AB6B33 /* ContactListViewController.m */; };
		AE240FE81E42111700AB6B33 /* ContactTableViewCell.m in Sources */ = {isa = PBXBuildFile; fileRef = AE240FE71E42111700AB6B33 /* ContactTableViewCell.m */; };
		AE46F48B1E43FE7F00ED51A1 /* ImageManager.m in Sources */ = {isa = PBXBuildFile; fileRef = AE46F48A1E43FE7F00ED51A1 /* ImageManager.m */; };
		AE46F48E1E4401D000ED51A1 /* DataManager.m in Sources */ = {isa = PBXBuildFile; fileRef = AE46F48D1E4401D000ED51A1 /* DataManager.m */; };
		AED95D871E58996000F68D18 /* MemberDetailViewController.m in Sources */ = {isa = PBXBuildFile; fileRef = AED95D861E58996000F68D18 /* MemberDetailViewController.m */; };
		AED95D8D1E59375400F68D18 /* MemberAnnotationView.m in Sources */ = {isa = PBXBuildFile; fileRef = AED95D8C1E59375400F68D18 /* MemberAnnotationView.m */; };
		AED95D901E599CA300F68D18 /* MemberPointAnnotation.m in Sources */ = {isa = PBXBuildFile; fileRef = AED95D8F1E599CA300F68D18 /* MemberPointAnnotation.m */; };
		E700A1801E4732E90001725A /* 1.jpg in Resources */ = {isa = PBXBuildFile; fileRef = E700A17F1E4732E90001725A /* 1.jpg */; };
		E700A1991E4740790001725A /* ha1.png in Resources */ = {isa = PBXBuildFile; fileRef = E700A1961E4740790001725A /* ha1.png */; };
		E700A19A1E4740790001725A /* ha1@2x.png in Resources */ = {isa = PBXBuildFile; fileRef = E700A1971E4740790001725A /* ha1@2x.png */; };
		E700A19B1E4740790001725A /* ha1@3x.png in Resources */ = {isa = PBXBuildFile; fileRef = E700A1981E4740790001725A /* ha1@3x.png */; };
		E700A19F1E4748770001725A /* HaTime.png in Resources */ = {isa = PBXBuildFile; fileRef = E700A19C1E4748770001725A /* HaTime.png */; };
		E700A1A01E4748770001725A /* HaTime@2x.png in Resources */ = {isa = PBXBuildFile; fileRef = E700A19D1E4748770001725A /* HaTime@2x.png */; };
		E700A1A11E4748770001725A /* HaTime@3x.png in Resources */ = {isa = PBXBuildFile; fileRef = E700A19E1E4748770001725A /* HaTime@3x.png */; };
		E70C46A51E3657F50007FEC4 /* SQLite3DBManager.m in Sources */ = {isa = PBXBuildFile; fileRef = E70C46A41E3657F50007FEC4 /* SQLite3DBManager.m */; };
		E70C46AC1E365E750007FEC4 /* ViewController.m in Sources */ = {isa = PBXBuildFile; fileRef = E70C46AB1E365E750007FEC4 /* ViewController.m */; };
		E70C46AE1E365F360007FEC4 /* EventManager.m in Sources */ = {isa = PBXBuildFile; fileRef = E70C46AD1E365F360007FEC4 /* EventManager.m */; };
		E71888361E5021AC00D9A6F4 /* NotificationCenter.framework in Frameworks */ = {isa = PBXBuildFile; fileRef = E76220A11E4FF9C200D0618C /* NotificationCenter.framework */; };
		E76220A21E4FF9C200D0618C /* NotificationCenter.framework in Frameworks */ = {isa = PBXBuildFile; fileRef = E76220A11E4FF9C200D0618C /* NotificationCenter.framework */; };
		E76220A61E4FF9C200D0618C /* TodayViewController.m in Sources */ = {isa = PBXBuildFile; fileRef = E76220A51E4FF9C200D0618C /* TodayViewController.m */; };
		E76220A91E4FF9C200D0618C /* MainInterface.storyboard in Resources */ = {isa = PBXBuildFile; fileRef = E76220A71E4FF9C200D0618C /* MainInterface.storyboard */; };
		E76220AD1E4FF9C200D0618C /* ActiveAgingWidget.appex in Embed App Extensions */ = {isa = PBXBuildFile; fileRef = E76220A01E4FF9C200D0618C /* ActiveAgingWidget.appex */; settings = {ATTRIBUTES = (RemoveHeadersOnCopy, ); }; };
		E7A88A0C1E61B0B800047433 /* sunset.png in Resources */ = {isa = PBXBuildFile; fileRef = E7A88A0B1E61B0B800047433 /* sunset.png */; };
		E7A88A141E61DFB400047433 /* sunnyBk.png in Resources */ = {isa = PBXBuildFile; fileRef = E7A88A131E61DFB400047433 /* sunnyBk.png */; };
		E7A88A161E630ED000047433 /* rainBg.png in Resources */ = {isa = PBXBuildFile; fileRef = E7A88A151E630ED000047433 /* rainBg.png */; };
		E7A88A181E63209A00047433 /* tstormBg.png in Resources */ = {isa = PBXBuildFile; fileRef = E7A88A171E63209A00047433 /* tstormBg.png */; };
		E7A88A1A1E63ED7700047433 /* nightClear.png in Resources */ = {isa = PBXBuildFile; fileRef = E7A88A191E63ED7700047433 /* nightClear.png */; };
		E7A88A1D1E63F0FC00047433 /* brokenNight.png in Resources */ = {isa = PBXBuildFile; fileRef = E7A88A1B1E63F0FC00047433 /* brokenNight.png */; };
		E7A88A1E1E63F0FC00047433 /* brokenNight@2x.png in Resources */ = {isa = PBXBuildFile; fileRef = E7A88A1C1E63F0FC00047433 /* brokenNight@2x.png */; };
		E7A88A201E63F2AA00047433 /* brokenN.png in Resources */ = {isa = PBXBuildFile; fileRef = E7A88A1F1E63F2AA00047433 /* brokenN.png */; };
		E7A88A281E641C7200047433 /* Logo.png in Resources */ = {isa = PBXBuildFile; fileRef = E7A88A271E641C7200047433 /* Logo.png */; };
		E7A88A2B1E64964000047433 /* weather-clear.png in Resources */ = {isa = PBXBuildFile; fileRef = E7A88A291E64964000047433 /* weather-clear.png */; };
		E7A88A2C1E64964000047433 /* weather-clear@2x.png in Resources */ = {isa = PBXBuildFile; fileRef = E7A88A2A1E64964000047433 /* weather-clear@2x.png */; };
		E7A88A2F1E649D9C00047433 /* few-day.png in Resources */ = {isa = PBXBuildFile; fileRef = E7A88A2D1E649D9C00047433 /* few-day.png */; };
		E7A88A301E649D9C00047433 /* few-day@2x.png in Resources */ = {isa = PBXBuildFile; fileRef = E7A88A2E1E649D9C00047433 /* few-day@2x.png */; };
		E7AE930D1E60209F00B04CB0 /* rain.png in Resources */ = {isa = PBXBuildFile; fileRef = E7AE930B1E60209F00B04CB0 /* rain.png */; };
		E7AE930E1E60209F00B04CB0 /* rain@2x.png in Resources */ = {isa = PBXBuildFile; fileRef = E7AE930C1E60209F00B04CB0 /* rain@2x.png */; };
		E7AE93111E603E4300B04CB0 /* typhoon.png in Resources */ = {isa = PBXBuildFile; fileRef = E7AE930F1E603E4300B04CB0 /* typhoon.png */; };
		E7AE93121E603E4300B04CB0 /* typhoon@2x.png in Resources */ = {isa = PBXBuildFile; fileRef = E7AE93101E603E4300B04CB0 /* typhoon@2x.png */; };
		E7AE93151E603E7C00B04CB0 /* tstorm.png in Resources */ = {isa = PBXBuildFile; fileRef = E7AE93131E603E7C00B04CB0 /* tstorm.png */; };
		E7AE93161E603E7C00B04CB0 /* tstorm@2x.png in Resources */ = {isa = PBXBuildFile; fileRef = E7AE93141E603E7C00B04CB0 /* tstorm@2x.png */; };
		E7AE93191E603EC100B04CB0 /* snow.png in Resources */ = {isa = PBXBuildFile; fileRef = E7AE93171E603EC100B04CB0 /* snow.png */; };
		E7AE931A1E603EC100B04CB0 /* snow@2x.png in Resources */ = {isa = PBXBuildFile; fileRef = E7AE93181E603EC100B04CB0 /* snow@2x.png */; };
		E7AE931D1E603F0300B04CB0 /* moon.png in Resources */ = {isa = PBXBuildFile; fileRef = E7AE931B1E603F0300B04CB0 /* moon.png */; };
		E7AE931E1E603F0300B04CB0 /* moon@2x.png in Resources */ = {isa = PBXBuildFile; fileRef = E7AE931C1E603F0300B04CB0 /* moon@2x.png */; };
		E7AE93211E603F2000B04CB0 /* few-night.png in Resources */ = {isa = PBXBuildFile; fileRef = E7AE931F1E603F2000B04CB0 /* few-night.png */; };
		E7AE93221E603F2000B04CB0 /* few-night@2x.png in Resources */ = {isa = PBXBuildFile; fileRef = E7AE93201E603F2000B04CB0 /* few-night@2x.png */; };
		E7AE93251E603F4200B04CB0 /* broken.png in Resources */ = {isa = PBXBuildFile; fileRef = E7AE93231E603F4200B04CB0 /* broken.png */; };
		E7AE93261E603F4200B04CB0 /* broken@2x.png in Resources */ = {isa = PBXBuildFile; fileRef = E7AE93241E603F4200B04CB0 /* broken@2x.png */; };
		E7AE93291E603F9E00B04CB0 /* shower.png in Resources */ = {isa = PBXBuildFile; fileRef = E7AE93271E603F9E00B04CB0 /* shower.png */; };
		E7AE932A1E603F9E00B04CB0 /* shower@2x.png in Resources */ = {isa = PBXBuildFile; fileRef = E7AE93281E603F9E00B04CB0 /* shower@2x.png */; };
		E7AE932D1E6053A700B04CB0 /* mist.png in Resources */ = {isa = PBXBuildFile; fileRef = E7AE932B1E6053A700B04CB0 /* mist.png */; };
		E7AE932E1E6053A700B04CB0 /* mist@2x.png in Resources */ = {isa = PBXBuildFile; fileRef = E7AE932C1E6053A700B04CB0 /* mist@2x.png */; };
		E7CECFE81E426B2800561645 /* WeatherClient.m in Sources */ = {isa = PBXBuildFile; fileRef = E7CECFE31E426B2800561645 /* WeatherClient.m */; };
		E7CECFE91E426B2800561645 /* WeatherCondition.m in Sources */ = {isa = PBXBuildFile; fileRef = E7CECFE41E426B2800561645 /* WeatherCondition.m */; };
		E7CECFEA1E426B2800561645 /* WeatherDailyForecast.m in Sources */ = {isa = PBXBuildFile; fileRef = E7CECFE51E426B2800561645 /* WeatherDailyForecast.m */; };
		E7CECFEB1E426B2800561645 /* WeatherManager.m in Sources */ = {isa = PBXBuildFile; fileRef = E7CECFE61E426B2800561645 /* WeatherManager.m */; };
		E7CECFEC1E426B2800561645 /* WeatherViewController.m in Sources */ = {isa = PBXBuildFile; fileRef = E7CECFE71E426B2800561645 /* WeatherViewController.m */; };
		E7CED0241E426D9400561645 /* CoreGraphics.framework in Frameworks */ = {isa = PBXBuildFile; fileRef = E7CED0231E426D9400561645 /* CoreGraphics.framework */; };
		E7EC82721E51DBFA00AB2082 /* WidgetEventTableViewCell.m in Sources */ = {isa = PBXBuildFile; fileRef = E7EC82711E51DBFA00AB2082 /* WidgetEventTableViewCell.m */; };
		E7F8A1BB1E60788100D98970 /* Take off&Good luck child interest Chinese Font-Traditional Chinese Fonts.ttf in Resources */ = {isa = PBXBuildFile; fileRef = E7F8A1BA1E60788100D98970 /* Take off&Good luck child interest Chinese Font-Traditional Chinese Fonts.ttf */; };
		E7F8A1BC1E60788100D98970 /* Take off&Good luck child interest Chinese Font-Traditional Chinese Fonts.ttf in Resources */ = {isa = PBXBuildFile; fileRef = E7F8A1BA1E60788100D98970 /* Take off&Good luck child interest Chinese Font-Traditional Chinese Fonts.ttf */; };
		E7F8AE871E49060100379CD6 /* LaunchScreen.png in Resources */ = {isa = PBXBuildFile; fileRef = E7F8AE841E49060100379CD6 /* LaunchScreen.png */; };
		E7F8AE881E49060100379CD6 /* LaunchScreen@2x.png in Resources */ = {isa = PBXBuildFile; fileRef = E7F8AE851E49060100379CD6 /* LaunchScreen@2x.png */; };
		E7F8AE891E49060100379CD6 /* LaunchScreen@3x.png in Resources */ = {isa = PBXBuildFile; fileRef = E7F8AE861E49060100379CD6 /* LaunchScreen@3x.png */; };
		E7F8AE901E4909AE00379CD6 /* Sample Frame 2.png in Resources */ = {isa = PBXBuildFile; fileRef = E7F8AE8A1E4909AE00379CD6 /* Sample Frame 2.png */; };
		E7F8AE911E4909AE00379CD6 /* Sample Frame 2@2x.png in Resources */ = {isa = PBXBuildFile; fileRef = E7F8AE8B1E4909AE00379CD6 /* Sample Frame 2@2x.png */; };
		E7F8AE921E4909AE00379CD6 /* Sample Frame 2@3x.png in Resources */ = {isa = PBXBuildFile; fileRef = E7F8AE8C1E4909AE00379CD6 /* Sample Frame 2@3x.png */; };
		E7F8AE931E4909AE00379CD6 /* Sample Frame 3.png in Resources */ = {isa = PBXBuildFile; fileRef = E7F8AE8D1E4909AE00379CD6 /* Sample Frame 3.png */; };
		E7F8AE941E4909AE00379CD6 /* Sample Frame 3@2x.png in Resources */ = {isa = PBXBuildFile; fileRef = E7F8AE8E1E4909AE00379CD6 /* Sample Frame 3@2x.png */; };
		E7F8AE951E4909AE00379CD6 /* Sample Frame 3@3x.png in Resources */ = {isa = PBXBuildFile; fileRef = E7F8AE8F1E4909AE00379CD6 /* Sample Frame 3@3x.png */; };
/* End PBXBuildFile section */

/* Begin PBXContainerItemProxy section */
		E76220AB1E4FF9C200D0618C /* PBXContainerItemProxy */ = {
			isa = PBXContainerItemProxy;
			containerPortal = 3DB321FA1E114FF7002A9FD9 /* Project object */;
			proxyType = 1;
			remoteGlobalIDString = E762209F1E4FF9C200D0618C;
			remoteInfo = ActiveAgingWidget;
		};
/* End PBXContainerItemProxy section */

/* Begin PBXCopyFilesBuildPhase section */
		E76220B11E4FF9C200D0618C /* Embed App Extensions */ = {
			isa = PBXCopyFilesBuildPhase;
			buildActionMask = 2147483647;
			dstPath = "";
			dstSubfolderSpec = 13;
			files = (
				E76220AD1E4FF9C200D0618C /* ActiveAgingWidget.appex in Embed App Extensions */,
			);
			name = "Embed App Extensions";
			runOnlyForDeploymentPostprocessing = 0;
		};
/* End PBXCopyFilesBuildPhase section */

/* Begin PBXFileReference section */
		3D02065D1E35B56500DCED4D /* EventDetailSorter.h */ = {isa = PBXFileReference; fileEncoding = 4; lastKnownFileType = sourcecode.c.h; path = EventDetailSorter.h; sourceTree = "<group>"; };
		3D02065E1E35B56500DCED4D /* EventDetailSorter.m */ = {isa = PBXFileReference; fileEncoding = 4; lastKnownFileType = sourcecode.c.objc; path = EventDetailSorter.m; sourceTree = "<group>"; };
		3D45210D1E2EC189002E416C /* KeychainManager.h */ = {isa = PBXFileReference; fileEncoding = 4; lastKnownFileType = sourcecode.c.h; path = KeychainManager.h; sourceTree = "<group>"; };
		3D45210E1E2EC189002E416C /* KeychainManager.m */ = {isa = PBXFileReference; fileEncoding = 4; lastKnownFileType = sourcecode.c.objc; path = KeychainManager.m; sourceTree = "<group>"; };
		3D4521101E2EC1C6002E416C /* UserInfo.h */ = {isa = PBXFileReference; fileEncoding = 4; lastKnownFileType = sourcecode.c.h; path = UserInfo.h; sourceTree = "<group>"; };
		3D4521111E2EC1C6002E416C /* UserInfo.m */ = {isa = PBXFileReference; fileEncoding = 4; lastKnownFileType = sourcecode.c.objc; path = UserInfo.m; sourceTree = "<group>"; };
		3D4521131E2ECDE0002E416C /* Cuties.jpg */ = {isa = PBXFileReference; lastKnownFileType = image.jpeg; path = Cuties.jpg; sourceTree = "<group>"; };
		3D4521151E2ED0DE002E416C /* Definitions.h */ = {isa = PBXFileReference; lastKnownFileType = sourcecode.c.h; path = Definitions.h; sourceTree = "<group>"; };
		3D4521161E2ED2F5002E416C /* ServerManager.h */ = {isa = PBXFileReference; fileEncoding = 4; lastKnownFileType = sourcecode.c.h; path = ServerManager.h; sourceTree = "<group>"; };
		3D4521171E2ED2F5002E416C /* ServerManager.m */ = {isa = PBXFileReference; fileEncoding = 4; lastKnownFileType = sourcecode.c.objc; path = ServerManager.m; sourceTree = "<group>"; };
		3D4521191E2EFB67002E416C /* WelcomeViewController.h */ = {isa = PBXFileReference; fileEncoding = 4; lastKnownFileType = sourcecode.c.h; path = WelcomeViewController.h; sourceTree = "<group>"; };
		3D45211A1E2EFB67002E416C /* WelcomeViewController.m */ = {isa = PBXFileReference; fileEncoding = 4; lastKnownFileType = sourcecode.c.objc; path = WelcomeViewController.m; sourceTree = "<group>"; };
		3D45211C1E2EFBA2002E416C /* InputNameViewController.h */ = {isa = PBXFileReference; fileEncoding = 4; lastKnownFileType = sourcecode.c.h; path = InputNameViewController.h; sourceTree = "<group>"; };
		3D45211D1E2EFBA2002E416C /* InputNameViewController.m */ = {isa = PBXFileReference; fileEncoding = 4; lastKnownFileType = sourcecode.c.objc; path = InputNameViewController.m; sourceTree = "<group>"; };
		3D4521221E2EFBD3002E416C /* ConfirmationViewController.h */ = {isa = PBXFileReference; fileEncoding = 4; lastKnownFileType = sourcecode.c.h; path = ConfirmationViewController.h; sourceTree = "<group>"; };
		3D4521231E2EFBD3002E416C /* ConfirmationViewController.m */ = {isa = PBXFileReference; fileEncoding = 4; lastKnownFileType = sourcecode.c.objc; path = ConfirmationViewController.m; sourceTree = "<group>"; };
		3D4521251E2EFC08002E416C /* PhotoViewController.h */ = {isa = PBXFileReference; fileEncoding = 4; lastKnownFileType = sourcecode.c.h; path = PhotoViewController.h; sourceTree = "<group>"; };
		3D4521261E2EFC08002E416C /* PhotoViewController.m */ = {isa = PBXFileReference; fileEncoding = 4; lastKnownFileType = sourcecode.c.objc; path = PhotoViewController.m; sourceTree = "<group>"; };
		3D4521291E2F09BD002E416C /* HomePageViewController.h */ = {isa = PBXFileReference; fileEncoding = 4; lastKnownFileType = sourcecode.c.h; path = HomePageViewController.h; sourceTree = "<group>"; };
		3D45212A1E2F09BD002E416C /* HomePageViewController.m */ = {isa = PBXFileReference; fileEncoding = 4; lastKnownFileType = sourcecode.c.objc; path = HomePageViewController.m; sourceTree = "<group>"; };
		3D4521301E2F3159002E416C /* SetupViewController.h */ = {isa = PBXFileReference; fileEncoding = 4; lastKnownFileType = sourcecode.c.h; path = SetupViewController.h; sourceTree = "<group>"; };
		3D4521311E2F3159002E416C /* SetupViewController.m */ = {isa = PBXFileReference; fileEncoding = 4; lastKnownFileType = sourcecode.c.objc; path = SetupViewController.m; sourceTree = "<group>"; };
		3D50154B1E23AB21006F5F20 /* Base */ = {isa = PBXFileReference; lastKnownFileType = file.storyboard; name = Base; path = Base.lproj/Events.storyboard; sourceTree = "<group>"; };
		3D50154D1E23AB42006F5F20 /* Calendar.storyboard */ = {isa = PBXFileReference; fileEncoding = 4; lastKnownFileType = file.storyboard; path = Calendar.storyboard; sourceTree = "<group>"; };
		3D50154F1E23ABC2006F5F20 /* Map.storyboard */ = {isa = PBXFileReference; fileEncoding = 4; lastKnownFileType = file.storyboard; path = Map.storyboard; sourceTree = "<group>"; };
		3D5015521E23ABED006F5F20 /* Base */ = {isa = PBXFileReference; lastKnownFileType = file.storyboard; name = Base; path = Base.lproj/Contact.storyboard; sourceTree = "<group>"; };
		3D50155E1E26079C006F5F20 /* AccountVerificationViewController.h */ = {isa = PBXFileReference; fileEncoding = 4; lastKnownFileType = sourcecode.c.h; path = AccountVerificationViewController.h; sourceTree = "<group>"; };
		3D50155F1E26079C006F5F20 /* AccountVerificationViewController.m */ = {isa = PBXFileReference; fileEncoding = 4; lastKnownFileType = sourcecode.c.objc; path = AccountVerificationViewController.m; sourceTree = "<group>"; };
		3D81C4571E33509C00C8E22F /* Plus.png */ = {isa = PBXFileReference; lastKnownFileType = image.png; path = Plus.png; sourceTree = "<group>"; };
		3D81C4591E34629A00C8E22F /* EventTableViewCell.h */ = {isa = PBXFileReference; fileEncoding = 4; lastKnownFileType = sourcecode.c.h; path = EventTableViewCell.h; sourceTree = "<group>"; };
		3D81C45A1E34629A00C8E22F /* EventTableViewCell.m */ = {isa = PBXFileReference; fileEncoding = 4; lastKnownFileType = sourcecode.c.objc; path = EventTableViewCell.m; sourceTree = "<group>"; };
		3D81C45C1E34643800C8E22F /* EventsViewController.h */ = {isa = PBXFileReference; fileEncoding = 4; lastKnownFileType = sourcecode.c.h; path = EventsViewController.h; sourceTree = "<group>"; };
		3D81C45D1E34643800C8E22F /* EventsViewController.m */ = {isa = PBXFileReference; fileEncoding = 4; lastKnownFileType = sourcecode.c.objc; path = EventsViewController.m; sourceTree = "<group>"; };
		3DA5E5101E37AF5600D50E7C /* MapViewController.h */ = {isa = PBXFileReference; fileEncoding = 4; lastKnownFileType = sourcecode.c.h; path = MapViewController.h; sourceTree = "<group>"; };
		3DA5E5111E37AF5600D50E7C /* MapViewController.m */ = {isa = PBXFileReference; fileEncoding = 4; lastKnownFileType = sourcecode.c.objc; path = MapViewController.m; sourceTree = "<group>"; };
		3DA5E5131E37AFC400D50E7C /* MapKit.framework */ = {isa = PBXFileReference; lastKnownFileType = wrapper.framework; name = MapKit.framework; path = System/Library/Frameworks/MapKit.framework; sourceTree = SDKROOT; };
		3DA5E5151E37AFCD00D50E7C /* CoreLocation.framework */ = {isa = PBXFileReference; lastKnownFileType = wrapper.framework; name = CoreLocation.framework; path = System/Library/Frameworks/CoreLocation.framework; sourceTree = SDKROOT; };
		3DB322021E114FF7002A9FD9 /* ActiveAging_v1.0.app */ = {isa = PBXFileReference; explicitFileType = wrapper.application; includeInIndex = 0; path = ActiveAging_v1.0.app; sourceTree = BUILT_PRODUCTS_DIR; };
		3DB322061E114FF7002A9FD9 /* main.m */ = {isa = PBXFileReference; lastKnownFileType = sourcecode.c.objc; path = main.m; sourceTree = "<group>"; };
		3DB322081E114FF7002A9FD9 /* AppDelegate.h */ = {isa = PBXFileReference; lastKnownFileType = sourcecode.c.h; path = AppDelegate.h; sourceTree = "<group>"; };
		3DB322091E114FF7002A9FD9 /* AppDelegate.m */ = {isa = PBXFileReference; lastKnownFileType = sourcecode.c.objc; path = AppDelegate.m; sourceTree = "<group>"; };
		3DB3220F1E114FF7002A9FD9 /* Base */ = {isa = PBXFileReference; lastKnownFileType = file.storyboard; name = Base; path = Base.lproj/Main.storyboard; sourceTree = "<group>"; };
		3DB322111E114FF7002A9FD9 /* Assets.xcassets */ = {isa = PBXFileReference; lastKnownFileType = folder.assetcatalog; path = Assets.xcassets; sourceTree = "<group>"; };
		3DB322141E114FF7002A9FD9 /* Base */ = {isa = PBXFileReference; lastKnownFileType = file.storyboard; name = Base; path = Base.lproj/LaunchScreen.storyboard; sourceTree = "<group>"; };
		3DB322161E114FF7002A9FD9 /* Info.plist */ = {isa = PBXFileReference; lastKnownFileType = text.plist.xml; path = Info.plist; sourceTree = "<group>"; };
		3DB3221D1E1182DC002A9FD9 /* Base */ = {isa = PBXFileReference; lastKnownFileType = file.storyboard; name = Base; path = Base.lproj/Weather.storyboard; sourceTree = "<group>"; };
		3DFC71111E367354004D8975 /* libAFNetworking.a */ = {isa = PBXFileReference; lastKnownFileType = archive.ar; name = libAFNetworking.a; path = "../../../../Library/Developer/Xcode/DerivedData/ActiveAging_v1.0-akretxhkamdzlqapaijbnsaixlcq/Build/Products/Debug-iphonesimulator/AFNetworking/libAFNetworking.a"; sourceTree = "<group>"; };
		3DFC71131E36735A004D8975 /* libFSCalendar.a */ = {isa = PBXFileReference; lastKnownFileType = archive.ar; name = libFSCalendar.a; path = "../../../../Library/Developer/Xcode/DerivedData/ActiveAging_v1.0-akretxhkamdzlqapaijbnsaixlcq/Build/Products/Debug-iphonesimulator/FSCalendar/libFSCalendar.a"; sourceTree = "<group>"; };
		3DFC71151E367369004D8975 /* libsqlite3.tbd */ = {isa = PBXFileReference; lastKnownFileType = "sourcecode.text-based-dylib-definition"; name = libsqlite3.tbd; path = usr/lib/libsqlite3.tbd; sourceTree = SDKROOT; };
		3DFC71171E367771004D8975 /* CalEventsTableViewCell.h */ = {isa = PBXFileReference; fileEncoding = 4; lastKnownFileType = sourcecode.c.h; path = CalEventsTableViewCell.h; sourceTree = "<group>"; };
		3DFC71181E367771004D8975 /* CalEventsTableViewCell.m */ = {isa = PBXFileReference; fileEncoding = 4; lastKnownFileType = sourcecode.c.objc; path = CalEventsTableViewCell.m; sourceTree = "<group>"; };
		957C86A710CE53D2D16C9E1E /* libPods-ActiveAging_v1.0.a */ = {isa = PBXFileReference; explicitFileType = archive.ar; includeInIndex = 0; path = "libPods-ActiveAging_v1.0.a"; sourceTree = BUILT_PRODUCTS_DIR; };
		AE09A0331E506D1D00F55B46 /* TimeViewController.h */ = {isa = PBXFileReference; fileEncoding = 4; lastKnownFileType = sourcecode.c.h; path = TimeViewController.h; sourceTree = "<group>"; };
		AE09A0341E506D1D00F55B46 /* TimeViewController.m */ = {isa = PBXFileReference; fileEncoding = 4; lastKnownFileType = sourcecode.c.objc; path = TimeViewController.m; sourceTree = "<group>"; };
		AE09A0361E506D2F00F55B46 /* LocationViewController.h */ = {isa = PBXFileReference; fileEncoding = 4; lastKnownFileType = sourcecode.c.h; path = LocationViewController.h; sourceTree = "<group>"; };
		AE09A0371E506D3000F55B46 /* LocationViewController.m */ = {isa = PBXFileReference; fileEncoding = 4; lastKnownFileType = sourcecode.c.objc; path = LocationViewController.m; sourceTree = "<group>"; };
		AE09E5C41E470E640056110B /* EmergencyButton.h */ = {isa = PBXFileReference; fileEncoding = 4; lastKnownFileType = sourcecode.c.h; path = EmergencyButton.h; sourceTree = "<group>"; };
		AE09E5C51E470E640056110B /* EmergencyButton.m */ = {isa = PBXFileReference; fileEncoding = 4; lastKnownFileType = sourcecode.c.objc; path = EmergencyButton.m; sourceTree = "<group>"; };
		AE09E5CB1E47571D0056110B /* LocationManager.h */ = {isa = PBXFileReference; fileEncoding = 4; lastKnownFileType = sourcecode.c.h; path = LocationManager.h; sourceTree = "<group>"; };
		AE09E5CC1E47571D0056110B /* LocationManager.m */ = {isa = PBXFileReference; fileEncoding = 4; lastKnownFileType = sourcecode.c.objc; path = LocationManager.m; sourceTree = "<group>"; };
		AE0A0A561E600B01009572EA /* MKMapView+Autoadjustment.h */ = {isa = PBXFileReference; fileEncoding = 4; lastKnownFileType = sourcecode.c.h; path = "MKMapView+Autoadjustment.h"; sourceTree = "<group>"; };
		AE0A0A571E600B01009572EA /* MKMapView+Autoadjustment.m */ = {isa = PBXFileReference; fileEncoding = 4; lastKnownFileType = sourcecode.c.objc; path = "MKMapView+Autoadjustment.m"; sourceTree = "<group>"; };
		AE0A0A5C1E6069A6009572EA /* WelcomeBackViewController.h */ = {isa = PBXFileReference; fileEncoding = 4; lastKnownFileType = sourcecode.c.h; path = WelcomeBackViewController.h; sourceTree = "<group>"; };
		AE0A0A5D1E6069A6009572EA /* WelcomeBackViewController.m */ = {isa = PBXFileReference; fileEncoding = 4; lastKnownFileType = sourcecode.c.objc; path = WelcomeBackViewController.m; sourceTree = "<group>"; };
		AE0B0E531E46D69B00C4F076 /* SubViewController.h */ = {isa = PBXFileReference; fileEncoding = 4; lastKnownFileType = sourcecode.c.h; path = SubViewController.h; sourceTree = "<group>"; };
		AE0B0E541E46D69B00C4F076 /* SubViewController.m */ = {isa = PBXFileReference; fileEncoding = 4; lastKnownFileType = sourcecode.c.objc; path = SubViewController.m; sourceTree = "<group>"; };
		AE10E2D31E50245400BEC03D /* OrganizationViewController.h */ = {isa = PBXFileReference; fileEncoding = 4; lastKnownFileType = sourcecode.c.h; path = OrganizationViewController.h; sourceTree = "<group>"; };
		AE10E2D41E50245400BEC03D /* OrganizationViewController.m */ = {isa = PBXFileReference; fileEncoding = 4; lastKnownFileType = sourcecode.c.objc; path = OrganizationViewController.m; sourceTree = "<group>"; };
		AE10E2D91E50247100BEC03D /* DescriptionViewController.h */ = {isa = PBXFileReference; fileEncoding = 4; lastKnownFileType = sourcecode.c.h; path = DescriptionViewController.h; sourceTree = "<group>"; };
		AE10E2DA1E50247100BEC03D /* DescriptionViewController.m */ = {isa = PBXFileReference; fileEncoding = 4; lastKnownFileType = sourcecode.c.objc; path = DescriptionViewController.m; sourceTree = "<group>"; };
		AE1250B21E540266000CDAD6 /* DateManager.h */ = {isa = PBXFileReference; fileEncoding = 4; lastKnownFileType = sourcecode.c.h; path = DateManager.h; sourceTree = "<group>"; };
		AE1250B31E540266000CDAD6 /* DateManager.m */ = {isa = PBXFileReference; fileEncoding = 4; lastKnownFileType = sourcecode.c.objc; path = DateManager.m; sourceTree = "<group>"; };
		AE130A521E4FFC3700141C97 /* EventDetailViewController.h */ = {isa = PBXFileReference; fileEncoding = 4; lastKnownFileType = sourcecode.c.h; path = EventDetailViewController.h; sourceTree = "<group>"; };
		AE130A531E4FFC3700141C97 /* EventDetailViewController.m */ = {isa = PBXFileReference; fileEncoding = 4; lastKnownFileType = sourcecode.c.objc; path = EventDetailViewController.m; sourceTree = "<group>"; };
		AE1D3F4B1E52BB100011C6F8 /* CallButton.h */ = {isa = PBXFileReference; fileEncoding = 4; lastKnownFileType = sourcecode.c.h; path = CallButton.h; sourceTree = "<group>"; };
		AE1D3F4C1E52BB100011C6F8 /* CallButton.m */ = {isa = PBXFileReference; fileEncoding = 4; lastKnownFileType = sourcecode.c.objc; path = CallButton.m; sourceTree = "<group>"; };
		AE240FE31E41B2C900AB6B33 /* ContactListViewController.h */ = {isa = PBXFileReference; fileEncoding = 4; lastKnownFileType = sourcecode.c.h; path = ContactListViewController.h; sourceTree = "<group>"; };
		AE240FE41E41B2C900AB6B33 /* ContactListViewController.m */ = {isa = PBXFileReference; fileEncoding = 4; lastKnownFileType = sourcecode.c.objc; path = ContactListViewController.m; sourceTree = "<group>"; };
		AE240FE61E42111700AB6B33 /* ContactTableViewCell.h */ = {isa = PBXFileReference; fileEncoding = 4; lastKnownFileType = sourcecode.c.h; path = ContactTableViewCell.h; sourceTree = "<group>"; };
		AE240FE71E42111700AB6B33 /* ContactTableViewCell.m */ = {isa = PBXFileReference; fileEncoding = 4; lastKnownFileType = sourcecode.c.objc; path = ContactTableViewCell.m; sourceTree = "<group>"; };
		AE46F4891E43FE7F00ED51A1 /* ImageManager.h */ = {isa = PBXFileReference; fileEncoding = 4; lastKnownFileType = sourcecode.c.h; path = ImageManager.h; sourceTree = "<group>"; };
		AE46F48A1E43FE7F00ED51A1 /* ImageManager.m */ = {isa = PBXFileReference; fileEncoding = 4; lastKnownFileType = sourcecode.c.objc; path = ImageManager.m; sourceTree = "<group>"; };
		AE46F48C1E4401D000ED51A1 /* DataManager.h */ = {isa = PBXFileReference; fileEncoding = 4; lastKnownFileType = sourcecode.c.h; path = DataManager.h; sourceTree = "<group>"; };
		AE46F48D1E4401D000ED51A1 /* DataManager.m */ = {isa = PBXFileReference; fileEncoding = 4; lastKnownFileType = sourcecode.c.objc; path = DataManager.m; sourceTree = "<group>"; };
		AED95D851E58996000F68D18 /* MemberDetailViewController.h */ = {isa = PBXFileReference; fileEncoding = 4; lastKnownFileType = sourcecode.c.h; path = MemberDetailViewController.h; sourceTree = "<group>"; };
		AED95D861E58996000F68D18 /* MemberDetailViewController.m */ = {isa = PBXFileReference; fileEncoding = 4; lastKnownFileType = sourcecode.c.objc; path = MemberDetailViewController.m; sourceTree = "<group>"; };
		AED95D8B1E59375400F68D18 /* MemberAnnotationView.h */ = {isa = PBXFileReference; fileEncoding = 4; lastKnownFileType = sourcecode.c.h; path = MemberAnnotationView.h; sourceTree = "<group>"; };
		AED95D8C1E59375400F68D18 /* MemberAnnotationView.m */ = {isa = PBXFileReference; fileEncoding = 4; lastKnownFileType = sourcecode.c.objc; path = MemberAnnotationView.m; sourceTree = "<group>"; };
		AED95D8E1E599CA300F68D18 /* MemberPointAnnotation.h */ = {isa = PBXFileReference; fileEncoding = 4; lastKnownFileType = sourcecode.c.h; path = MemberPointAnnotation.h; sourceTree = "<group>"; };
		AED95D8F1E599CA300F68D18 /* MemberPointAnnotation.m */ = {isa = PBXFileReference; fileEncoding = 4; lastKnownFileType = sourcecode.c.objc; path = MemberPointAnnotation.m; sourceTree = "<group>"; };
		B227D972DDCA904F9E93DF17 /* Pods-ActiveAging_v1.0.release.xcconfig */ = {isa = PBXFileReference; includeInIndex = 1; lastKnownFileType = text.xcconfig; name = "Pods-ActiveAging_v1.0.release.xcconfig"; path = "Pods/Target Support Files/Pods-ActiveAging_v1.0/Pods-ActiveAging_v1.0.release.xcconfig"; sourceTree = "<group>"; };
		B79FEDE8AEA70ECDDC3931BC /* Pods-ActiveAging_v1.0.debug.xcconfig */ = {isa = PBXFileReference; includeInIndex = 1; lastKnownFileType = text.xcconfig; name = "Pods-ActiveAging_v1.0.debug.xcconfig"; path = "Pods/Target Support Files/Pods-ActiveAging_v1.0/Pods-ActiveAging_v1.0.debug.xcconfig"; sourceTree = "<group>"; };
		E700A17F1E4732E90001725A /* 1.jpg */ = {isa = PBXFileReference; lastKnownFileType = image.jpeg; path = 1.jpg; sourceTree = "<group>"; };
		E700A1961E4740790001725A /* ha1.png */ = {isa = PBXFileReference; lastKnownFileType = image.png; path = ha1.png; sourceTree = "<group>"; };
		E700A1971E4740790001725A /* ha1@2x.png */ = {isa = PBXFileReference; lastKnownFileType = image.png; path = "ha1@2x.png"; sourceTree = "<group>"; };
		E700A1981E4740790001725A /* ha1@3x.png */ = {isa = PBXFileReference; lastKnownFileType = image.png; path = "ha1@3x.png"; sourceTree = "<group>"; };
		E700A19C1E4748770001725A /* HaTime.png */ = {isa = PBXFileReference; lastKnownFileType = image.png; path = HaTime.png; sourceTree = "<group>"; };
		E700A19D1E4748770001725A /* HaTime@2x.png */ = {isa = PBXFileReference; lastKnownFileType = image.png; path = "HaTime@2x.png"; sourceTree = "<group>"; };
		E700A19E1E4748770001725A /* HaTime@3x.png */ = {isa = PBXFileReference; lastKnownFileType = image.png; path = "HaTime@3x.png"; sourceTree = "<group>"; };
		E70C46A31E3657F50007FEC4 /* SQLite3DBManager.h */ = {isa = PBXFileReference; fileEncoding = 4; lastKnownFileType = sourcecode.c.h; path = SQLite3DBManager.h; sourceTree = "<group>"; };
		E70C46A41E3657F50007FEC4 /* SQLite3DBManager.m */ = {isa = PBXFileReference; fileEncoding = 4; lastKnownFileType = sourcecode.c.objc; path = SQLite3DBManager.m; sourceTree = "<group>"; };
		E70C46AA1E365E750007FEC4 /* ViewController.h */ = {isa = PBXFileReference; fileEncoding = 4; lastKnownFileType = sourcecode.c.h; path = ViewController.h; sourceTree = "<group>"; };
		E70C46AB1E365E750007FEC4 /* ViewController.m */ = {isa = PBXFileReference; fileEncoding = 4; lastKnownFileType = sourcecode.c.objc; path = ViewController.m; sourceTree = "<group>"; };
		E70C46AD1E365F360007FEC4 /* EventManager.m */ = {isa = PBXFileReference; fileEncoding = 4; lastKnownFileType = sourcecode.c.objc; path = EventManager.m; sourceTree = "<group>"; };
		E70C46AF1E365F410007FEC4 /* EventManager.h */ = {isa = PBXFileReference; fileEncoding = 4; lastKnownFileType = sourcecode.c.h; path = EventManager.h; sourceTree = "<group>"; };
		E70C46B01E365F870007FEC4 /* EditEventViewController.h */ = {isa = PBXFileReference; fileEncoding = 4; lastKnownFileType = sourcecode.c.h; path = EditEventViewController.h; sourceTree = "<group>"; };
		E71888351E50213C00D9A6F4 /* ActiveAgingWidget.entitlements */ = {isa = PBXFileReference; lastKnownFileType = text.plist.entitlements; path = ActiveAgingWidget.entitlements; sourceTree = "<group>"; };
		E76220A01E4FF9C200D0618C /* ActiveAgingWidget.appex */ = {isa = PBXFileReference; explicitFileType = "wrapper.app-extension"; includeInIndex = 0; path = ActiveAgingWidget.appex; sourceTree = BUILT_PRODUCTS_DIR; };
		E76220A11E4FF9C200D0618C /* NotificationCenter.framework */ = {isa = PBXFileReference; lastKnownFileType = wrapper.framework; name = NotificationCenter.framework; path = System/Library/Frameworks/NotificationCenter.framework; sourceTree = SDKROOT; };
		E76220A41E4FF9C200D0618C /* TodayViewController.h */ = {isa = PBXFileReference; lastKnownFileType = sourcecode.c.h; path = TodayViewController.h; sourceTree = "<group>"; };
		E76220A51E4FF9C200D0618C /* TodayViewController.m */ = {isa = PBXFileReference; lastKnownFileType = sourcecode.c.objc; path = TodayViewController.m; sourceTree = "<group>"; };
		E76220A81E4FF9C200D0618C /* Base */ = {isa = PBXFileReference; lastKnownFileType = file.storyboard; name = Base; path = Base.lproj/MainInterface.storyboard; sourceTree = "<group>"; };
		E76220AA1E4FF9C200D0618C /* Info.plist */ = {isa = PBXFileReference; lastKnownFileType = text.plist.xml; path = Info.plist; sourceTree = "<group>"; };
		E76220B21E4FF9DE00D0618C /* ActiveAging_v1.0.entitlements */ = {isa = PBXFileReference; lastKnownFileType = text.plist.entitlements; path = ActiveAging_v1.0.entitlements; sourceTree = "<group>"; };
		E7A88A0B1E61B0B800047433 /* sunset.png */ = {isa = PBXFileReference; lastKnownFileType = image.png; path = sunset.png; sourceTree = "<group>"; };
		E7A88A131E61DFB400047433 /* sunnyBk.png */ = {isa = PBXFileReference; lastKnownFileType = image.png; path = sunnyBk.png; sourceTree = "<group>"; };
		E7A88A151E630ED000047433 /* rainBg.png */ = {isa = PBXFileReference; lastKnownFileType = image.png; path = rainBg.png; sourceTree = "<group>"; };
		E7A88A171E63209A00047433 /* tstormBg.png */ = {isa = PBXFileReference; lastKnownFileType = image.png; path = tstormBg.png; sourceTree = "<group>"; };
		E7A88A191E63ED7700047433 /* nightClear.png */ = {isa = PBXFileReference; lastKnownFileType = image.png; path = nightClear.png; sourceTree = "<group>"; };
		E7A88A1B1E63F0FC00047433 /* brokenNight.png */ = {isa = PBXFileReference; lastKnownFileType = image.png; path = brokenNight.png; sourceTree = "<group>"; };
		E7A88A1C1E63F0FC00047433 /* brokenNight@2x.png */ = {isa = PBXFileReference; lastKnownFileType = image.png; path = "brokenNight@2x.png"; sourceTree = "<group>"; };
		E7A88A1F1E63F2AA00047433 /* brokenN.png */ = {isa = PBXFileReference; lastKnownFileType = image.png; path = brokenN.png; sourceTree = "<group>"; };
		E7A88A271E641C7200047433 /* Logo.png */ = {isa = PBXFileReference; lastKnownFileType = image.png; path = Logo.png; sourceTree = "<group>"; };
		E7A88A291E64964000047433 /* weather-clear.png */ = {isa = PBXFileReference; lastKnownFileType = image.png; path = "weather-clear.png"; sourceTree = "<group>"; };
		E7A88A2A1E64964000047433 /* weather-clear@2x.png */ = {isa = PBXFileReference; lastKnownFileType = image.png; path = "weather-clear@2x.png"; sourceTree = "<group>"; };
		E7A88A2D1E649D9C00047433 /* few-day.png */ = {isa = PBXFileReference; lastKnownFileType = image.png; path = "few-day.png"; sourceTree = "<group>"; };
		E7A88A2E1E649D9C00047433 /* few-day@2x.png */ = {isa = PBXFileReference; lastKnownFileType = image.png; path = "few-day@2x.png"; sourceTree = "<group>"; };
		E7AE930B1E60209F00B04CB0 /* rain.png */ = {isa = PBXFileReference; lastKnownFileType = image.png; path = rain.png; sourceTree = "<group>"; };
		E7AE930C1E60209F00B04CB0 /* rain@2x.png */ = {isa = PBXFileReference; lastKnownFileType = image.png; path = "rain@2x.png"; sourceTree = "<group>"; };
		E7AE930F1E603E4300B04CB0 /* typhoon.png */ = {isa = PBXFileReference; lastKnownFileType = image.png; path = typhoon.png; sourceTree = "<group>"; };
		E7AE93101E603E4300B04CB0 /* typhoon@2x.png */ = {isa = PBXFileReference; lastKnownFileType = image.png; path = "typhoon@2x.png"; sourceTree = "<group>"; };
		E7AE93131E603E7C00B04CB0 /* tstorm.png */ = {isa = PBXFileReference; lastKnownFileType = image.png; path = tstorm.png; sourceTree = "<group>"; };
		E7AE93141E603E7C00B04CB0 /* tstorm@2x.png */ = {isa = PBXFileReference; lastKnownFileType = image.png; path = "tstorm@2x.png"; sourceTree = "<group>"; };
		E7AE93171E603EC100B04CB0 /* snow.png */ = {isa = PBXFileReference; lastKnownFileType = image.png; path = snow.png; sourceTree = "<group>"; };
		E7AE93181E603EC100B04CB0 /* snow@2x.png */ = {isa = PBXFileReference; lastKnownFileType = image.png; path = "snow@2x.png"; sourceTree = "<group>"; };
		E7AE931B1E603F0300B04CB0 /* moon.png */ = {isa = PBXFileReference; lastKnownFileType = image.png; path = moon.png; sourceTree = "<group>"; };
		E7AE931C1E603F0300B04CB0 /* moon@2x.png */ = {isa = PBXFileReference; lastKnownFileType = image.png; path = "moon@2x.png"; sourceTree = "<group>"; };
		E7AE931F1E603F2000B04CB0 /* few-night.png */ = {isa = PBXFileReference; lastKnownFileType = image.png; path = "few-night.png"; sourceTree = "<group>"; };
		E7AE93201E603F2000B04CB0 /* few-night@2x.png */ = {isa = PBXFileReference; lastKnownFileType = image.png; path = "few-night@2x.png"; sourceTree = "<group>"; };
		E7AE93231E603F4200B04CB0 /* broken.png */ = {isa = PBXFileReference; lastKnownFileType = image.png; path = broken.png; sourceTree = "<group>"; };
		E7AE93241E603F4200B04CB0 /* broken@2x.png */ = {isa = PBXFileReference; lastKnownFileType = image.png; path = "broken@2x.png"; sourceTree = "<group>"; };
		E7AE93271E603F9E00B04CB0 /* shower.png */ = {isa = PBXFileReference; lastKnownFileType = image.png; path = shower.png; sourceTree = "<group>"; };
		E7AE93281E603F9E00B04CB0 /* shower@2x.png */ = {isa = PBXFileReference; lastKnownFileType = image.png; path = "shower@2x.png"; sourceTree = "<group>"; };
		E7AE932B1E6053A700B04CB0 /* mist.png */ = {isa = PBXFileReference; lastKnownFileType = image.png; path = mist.png; sourceTree = "<group>"; };
		E7AE932C1E6053A700B04CB0 /* mist@2x.png */ = {isa = PBXFileReference; lastKnownFileType = image.png; path = "mist@2x.png"; sourceTree = "<group>"; };
		E7CECFDE1E426B2800561645 /* WeatherClient.h */ = {isa = PBXFileReference; fileEncoding = 4; lastKnownFileType = sourcecode.c.h; path = WeatherClient.h; sourceTree = "<group>"; };
		E7CECFDF1E426B2800561645 /* WeatherCondition.h */ = {isa = PBXFileReference; fileEncoding = 4; lastKnownFileType = sourcecode.c.h; path = WeatherCondition.h; sourceTree = "<group>"; };
		E7CECFE01E426B2800561645 /* WeatherDailyForecast.h */ = {isa = PBXFileReference; fileEncoding = 4; lastKnownFileType = sourcecode.c.h; path = WeatherDailyForecast.h; sourceTree = "<group>"; };
		E7CECFE11E426B2800561645 /* WeatherManager.h */ = {isa = PBXFileReference; fileEncoding = 4; lastKnownFileType = sourcecode.c.h; path = WeatherManager.h; sourceTree = "<group>"; };
		E7CECFE21E426B2800561645 /* WeatherViewController.h */ = {isa = PBXFileReference; fileEncoding = 4; lastKnownFileType = sourcecode.c.h; path = WeatherViewController.h; sourceTree = "<group>"; };
		E7CECFE31E426B2800561645 /* WeatherClient.m */ = {isa = PBXFileReference; fileEncoding = 4; lastKnownFileType = sourcecode.c.objc; path = WeatherClient.m; sourceTree = "<group>"; };
		E7CECFE41E426B2800561645 /* WeatherCondition.m */ = {isa = PBXFileReference; fileEncoding = 4; lastKnownFileType = sourcecode.c.objc; path = WeatherCondition.m; sourceTree = "<group>"; };
		E7CECFE51E426B2800561645 /* WeatherDailyForecast.m */ = {isa = PBXFileReference; fileEncoding = 4; lastKnownFileType = sourcecode.c.objc; path = WeatherDailyForecast.m; sourceTree = "<group>"; };
		E7CECFE61E426B2800561645 /* WeatherManager.m */ = {isa = PBXFileReference; fileEncoding = 4; lastKnownFileType = sourcecode.c.objc; path = WeatherManager.m; sourceTree = "<group>"; };
		E7CECFE71E426B2800561645 /* WeatherViewController.m */ = {isa = PBXFileReference; fileEncoding = 4; lastKnownFileType = sourcecode.c.objc; path = WeatherViewController.m; sourceTree = "<group>"; };
		E7CED0231E426D9400561645 /* CoreGraphics.framework */ = {isa = PBXFileReference; lastKnownFileType = wrapper.framework; name = CoreGraphics.framework; path = System/Library/Frameworks/CoreGraphics.framework; sourceTree = SDKROOT; };
		E7EC82701E51DBFA00AB2082 /* WidgetEventTableViewCell.h */ = {isa = PBXFileReference; fileEncoding = 4; lastKnownFileType = sourcecode.c.h; path = WidgetEventTableViewCell.h; sourceTree = "<group>"; };
		E7EC82711E51DBFA00AB2082 /* WidgetEventTableViewCell.m */ = {isa = PBXFileReference; fileEncoding = 4; lastKnownFileType = sourcecode.c.objc; path = WidgetEventTableViewCell.m; sourceTree = "<group>"; };
		E7F8A1BA1E60788100D98970 /* Take off&Good luck child interest Chinese Font-Traditional Chinese Fonts.ttf */ = {isa = PBXFileReference; lastKnownFileType = file; path = "Take off&Good luck child interest Chinese Font-Traditional Chinese Fonts.ttf"; sourceTree = "<group>"; };
		E7F8AE841E49060100379CD6 /* LaunchScreen.png */ = {isa = PBXFileReference; lastKnownFileType = image.png; path = LaunchScreen.png; sourceTree = "<group>"; };
		E7F8AE851E49060100379CD6 /* LaunchScreen@2x.png */ = {isa = PBXFileReference; lastKnownFileType = image.png; path = "LaunchScreen@2x.png"; sourceTree = "<group>"; };
		E7F8AE861E49060100379CD6 /* LaunchScreen@3x.png */ = {isa = PBXFileReference; lastKnownFileType = image.png; path = "LaunchScreen@3x.png"; sourceTree = "<group>"; };
		E7F8AE8A1E4909AE00379CD6 /* Sample Frame 2.png */ = {isa = PBXFileReference; lastKnownFileType = image.png; path = "Sample Frame 2.png"; sourceTree = "<group>"; };
		E7F8AE8B1E4909AE00379CD6 /* Sample Frame 2@2x.png */ = {isa = PBXFileReference; lastKnownFileType = image.png; path = "Sample Frame 2@2x.png"; sourceTree = "<group>"; };
		E7F8AE8C1E4909AE00379CD6 /* Sample Frame 2@3x.png */ = {isa = PBXFileReference; lastKnownFileType = image.png; path = "Sample Frame 2@3x.png"; sourceTree = "<group>"; };
		E7F8AE8D1E4909AE00379CD6 /* Sample Frame 3.png */ = {isa = PBXFileReference; lastKnownFileType = image.png; path = "Sample Frame 3.png"; sourceTree = "<group>"; };
		E7F8AE8E1E4909AE00379CD6 /* Sample Frame 3@2x.png */ = {isa = PBXFileReference; lastKnownFileType = image.png; path = "Sample Frame 3@2x.png"; sourceTree = "<group>"; };
		E7F8AE8F1E4909AE00379CD6 /* Sample Frame 3@3x.png */ = {isa = PBXFileReference; lastKnownFileType = image.png; path = "Sample Frame 3@3x.png"; sourceTree = "<group>"; };
/* End PBXFileReference section */

/* Begin PBXFrameworksBuildPhase section */
		3DB321FF1E114FF7002A9FD9 /* Frameworks */ = {
			isa = PBXFrameworksBuildPhase;
			buildActionMask = 2147483647;
			files = (
				E71888361E5021AC00D9A6F4 /* NotificationCenter.framework in Frameworks */,
				E7CED0241E426D9400561645 /* CoreGraphics.framework in Frameworks */,
				3DA5E5161E37AFCD00D50E7C /* CoreLocation.framework in Frameworks */,
				3DA5E5141E37AFC400D50E7C /* MapKit.framework in Frameworks */,
				3DFC71161E367369004D8975 /* libsqlite3.tbd in Frameworks */,
				3DFC71141E36735A004D8975 /* libFSCalendar.a in Frameworks */,
				3DFC71121E367354004D8975 /* libAFNetworking.a in Frameworks */,
				99CFA874AD9FCD28C26F7FB0 /* libPods-ActiveAging_v1.0.a in Frameworks */,
			);
			runOnlyForDeploymentPostprocessing = 0;
		};
		E762209D1E4FF9C200D0618C /* Frameworks */ = {
			isa = PBXFrameworksBuildPhase;
			buildActionMask = 2147483647;
			files = (
				E76220A21E4FF9C200D0618C /* NotificationCenter.framework in Frameworks */,
			);
			runOnlyForDeploymentPostprocessing = 0;
		};
/* End PBXFrameworksBuildPhase section */

/* Begin PBXGroup section */
		2BBFA04C2815FEDEEC029FD9 /* Pods */ = {
			isa = PBXGroup;
			children = (
				B79FEDE8AEA70ECDDC3931BC /* Pods-ActiveAging_v1.0.debug.xcconfig */,
				B227D972DDCA904F9E93DF17 /* Pods-ActiveAging_v1.0.release.xcconfig */,
			);
			name = Pods;
			sourceTree = "<group>";
		};
		3D4521281E2EFC3F002E416C /* MainMenu */ = {
			isa = PBXGroup;
			children = (
				3D4521291E2F09BD002E416C /* HomePageViewController.h */,
				3D45212A1E2F09BD002E416C /* HomePageViewController.m */,
				AE0A0A5C1E6069A6009572EA /* WelcomeBackViewController.h */,
				AE0A0A5D1E6069A6009572EA /* WelcomeBackViewController.m */,
			);
			name = MainMenu;
			sourceTree = "<group>";
		};
		3D45212F1E2F30F1002E416C /* Setup */ = {
			isa = PBXGroup;
			children = (
				3D4521301E2F3159002E416C /* SetupViewController.h */,
				3D4521311E2F3159002E416C /* SetupViewController.m */,
			);
			name = Setup;
			sourceTree = "<group>";
		};
		3D4521331E2F40E5002E416C /* Events */ = {
			isa = PBXGroup;
			children = (
				AE1250AF1E53EF5E000CDAD6 /* EventsViewer */,
				AE11E1DE1E546BBC00F960C4 /* EventDetail */,
				3D02065D1E35B56500DCED4D /* EventDetailSorter.h */,
				3D02065E1E35B56500DCED4D /* EventDetailSorter.m */,
			);
			name = Events;
			sourceTree = "<group>";
		};
		3D4521341E2F40F7002E416C /* Weather */ = {
			isa = PBXGroup;
			children = (
				E7CECFED1E426BD400561645 /* Images */,
				E7CECFDE1E426B2800561645 /* WeatherClient.h */,
				E7CECFE31E426B2800561645 /* WeatherClient.m */,
				E7CECFDF1E426B2800561645 /* WeatherCondition.h */,
				E7CECFE41E426B2800561645 /* WeatherCondition.m */,
				E7CECFE01E426B2800561645 /* WeatherDailyForecast.h */,
				E7CECFE51E426B2800561645 /* WeatherDailyForecast.m */,
				E7CECFE11E426B2800561645 /* WeatherManager.h */,
				E7CECFE61E426B2800561645 /* WeatherManager.m */,
				E7CECFE21E426B2800561645 /* WeatherViewController.h */,
				E7CECFE71E426B2800561645 /* WeatherViewController.m */,
			);
			name = Weather;
			sourceTree = "<group>";
		};
		3D4521351E2F40FE002E416C /* Contacts */ = {
			isa = PBXGroup;
			children = (
				AE240FE31E41B2C900AB6B33 /* ContactListViewController.h */,
				AE240FE41E41B2C900AB6B33 /* ContactListViewController.m */,
				AE240FE61E42111700AB6B33 /* ContactTableViewCell.h */,
				AE240FE71E42111700AB6B33 /* ContactTableViewCell.m */,
				AE0B0E531E46D69B00C4F076 /* SubViewController.h */,
				AE0B0E541E46D69B00C4F076 /* SubViewController.m */,
			);
			name = Contacts;
			sourceTree = "<group>";
		};
		3D5015571E23D459006F5F20 /* Login Page */ = {
			isa = PBXGroup;
			children = (
				E7A88A271E641C7200047433 /* Logo.png */,
				3D4521131E2ECDE0002E416C /* Cuties.jpg */,
				3D81C4571E33509C00C8E22F /* Plus.png */,
				E7F8AE841E49060100379CD6 /* LaunchScreen.png */,
				E7F8AE851E49060100379CD6 /* LaunchScreen@2x.png */,
				E7F8AE861E49060100379CD6 /* LaunchScreen@3x.png */,
				3D50155E1E26079C006F5F20 /* AccountVerificationViewController.h */,
				3D50155F1E26079C006F5F20 /* AccountVerificationViewController.m */,
				3D4521191E2EFB67002E416C /* WelcomeViewController.h */,
				3D45211A1E2EFB67002E416C /* WelcomeViewController.m */,
				3D45211C1E2EFBA2002E416C /* InputNameViewController.h */,
				3D45211D1E2EFBA2002E416C /* InputNameViewController.m */,
				3D4521221E2EFBD3002E416C /* ConfirmationViewController.h */,
				3D4521231E2EFBD3002E416C /* ConfirmationViewController.m */,
				3D4521251E2EFC08002E416C /* PhotoViewController.h */,
				3D4521261E2EFC08002E416C /* PhotoViewController.m */,
			);
			name = "Login Page";
			sourceTree = "<group>";
		};
		3DB321F91E114FF7002A9FD9 = {
			isa = PBXGroup;
			children = (
				3DB322041E114FF7002A9FD9 /* ActiveAging_v1.0 */,
				E76220A31E4FF9C200D0618C /* ActiveAgingWidget */,
				3DB322031E114FF7002A9FD9 /* Products */,
				2BBFA04C2815FEDEEC029FD9 /* Pods */,
				78CF3B493146A2D7E53ECE39 /* Frameworks */,
			);
			sourceTree = "<group>";
		};
		3DB322031E114FF7002A9FD9 /* Products */ = {
			isa = PBXGroup;
			children = (
				3DB322021E114FF7002A9FD9 /* ActiveAging_v1.0.app */,
				E76220A01E4FF9C200D0618C /* ActiveAgingWidget.appex */,
			);
			name = Products;
			sourceTree = "<group>";
		};
		3DB322041E114FF7002A9FD9 /* ActiveAging_v1.0 */ = {
			isa = PBXGroup;
			children = (
				E76220B21E4FF9DE00D0618C /* ActiveAging_v1.0.entitlements */,
				AEA9FCB71E3CDA770053516E /* Time */,
				E70C46A91E365E330007FEC4 /* Calendar */,
				3D4521351E2F40FE002E416C /* Contacts */,
				3D4521341E2F40F7002E416C /* Weather */,
				3D4521331E2F40E5002E416C /* Events */,
				3D45212F1E2F30F1002E416C /* Setup */,
				3D4521281E2EFC3F002E416C /* MainMenu */,
				3D5015571E23D459006F5F20 /* Login Page */,
				EC1309681E2CCCAE00D21982 /* Maps */,
				E700A1831E4739B40001725A /* Ha Btns */,
				3DB322081E114FF7002A9FD9 /* AppDelegate.h */,
				3DB322091E114FF7002A9FD9 /* AppDelegate.m */,
				AE1250B21E540266000CDAD6 /* DateManager.h */,
				AE1250B31E540266000CDAD6 /* DateManager.m */,
				AE09E5CB1E47571D0056110B /* LocationManager.h */,
				AE09E5CC1E47571D0056110B /* LocationManager.m */,
				AE0A0A561E600B01009572EA /* MKMapView+Autoadjustment.h */,
				AE0A0A571E600B01009572EA /* MKMapView+Autoadjustment.m */,
				3DB3220E1E114FF7002A9FD9 /* Main.storyboard */,
				3D5015511E23ABED006F5F20 /* Contact.storyboard */,
				3D50154D1E23AB42006F5F20 /* Calendar.storyboard */,
				3D50154F1E23ABC2006F5F20 /* Map.storyboard */,
				3D50154A1E23AB21006F5F20 /* Events.storyboard */,
				3DB3221C1E1182DC002A9FD9 /* Weather.storyboard */,
				3DB322111E114FF7002A9FD9 /* Assets.xcassets */,
				E7F8A1BA1E60788100D98970 /* Take off&Good luck child interest Chinese Font-Traditional Chinese Fonts.ttf */,
				3DB322131E114FF7002A9FD9 /* LaunchScreen.storyboard */,
				3DB322161E114FF7002A9FD9 /* Info.plist */,
				3D4521151E2ED0DE002E416C /* Definitions.h */,
				3DB322051E114FF7002A9FD9 /* Supporting Files */,
				E70C46A31E3657F50007FEC4 /* SQLite3DBManager.h */,
				E70C46A41E3657F50007FEC4 /* SQLite3DBManager.m */,
				AE46F48C1E4401D000ED51A1 /* DataManager.h */,
				AE46F48D1E4401D000ED51A1 /* DataManager.m */,
				AE46F4891E43FE7F00ED51A1 /* ImageManager.h */,
				AE46F48A1E43FE7F00ED51A1 /* ImageManager.m */,
				3D4521161E2ED2F5002E416C /* ServerManager.h */,
				3D4521171E2ED2F5002E416C /* ServerManager.m */,
				3D4521101E2EC1C6002E416C /* UserInfo.h */,
				3D4521111E2EC1C6002E416C /* UserInfo.m */,
				3D45210D1E2EC189002E416C /* KeychainManager.h */,
				3D45210E1E2EC189002E416C /* KeychainManager.m */,
				AE1D3F4B1E52BB100011C6F8 /* CallButton.h */,
				AE1D3F4C1E52BB100011C6F8 /* CallButton.m */,
				AE09E5C41E470E640056110B /* EmergencyButton.h */,
				AE09E5C51E470E640056110B /* EmergencyButton.m */,
			);
			path = ActiveAging_v1.0;
			sourceTree = "<group>";
		};
		3DB322051E114FF7002A9FD9 /* Supporting Files */ = {
			isa = PBXGroup;
			children = (
				3DB322061E114FF7002A9FD9 /* main.m */,
			);
			name = "Supporting Files";
			sourceTree = "<group>";
		};
		78CF3B493146A2D7E53ECE39 /* Frameworks */ = {
			isa = PBXGroup;
			children = (
				E7CED0231E426D9400561645 /* CoreGraphics.framework */,
				3DA5E5151E37AFCD00D50E7C /* CoreLocation.framework */,
				3DA5E5131E37AFC400D50E7C /* MapKit.framework */,
				3DFC71151E367369004D8975 /* libsqlite3.tbd */,
				3DFC71131E36735A004D8975 /* libFSCalendar.a */,
				3DFC71111E367354004D8975 /* libAFNetworking.a */,
				957C86A710CE53D2D16C9E1E /* libPods-ActiveAging_v1.0.a */,
				E76220A11E4FF9C200D0618C /* NotificationCenter.framework */,
			);
			name = Frameworks;
			sourceTree = "<group>";
		};
		AE11E1DE1E546BBC00F960C4 /* EventDetail */ = {
			isa = PBXGroup;
			children = (
				AE10E2D31E50245400BEC03D /* OrganizationViewController.h */,
				AE10E2D41E50245400BEC03D /* OrganizationViewController.m */,
				AE10E2D91E50247100BEC03D /* DescriptionViewController.h */,
				AE10E2DA1E50247100BEC03D /* DescriptionViewController.m */,
				AE09A0331E506D1D00F55B46 /* TimeViewController.h */,
				AE09A0341E506D1D00F55B46 /* TimeViewController.m */,
				AE09A0361E506D2F00F55B46 /* LocationViewController.h */,
				AE09A0371E506D3000F55B46 /* LocationViewController.m */,
			);
			name = EventDetail;
			sourceTree = "<group>";
		};
		AE1250AF1E53EF5E000CDAD6 /* EventsViewer */ = {
			isa = PBXGroup;
			children = (
				3D81C4591E34629A00C8E22F /* EventTableViewCell.h */,
				3D81C45A1E34629A00C8E22F /* EventTableViewCell.m */,
				3D81C45C1E34643800C8E22F /* EventsViewController.h */,
				3D81C45D1E34643800C8E22F /* EventsViewController.m */,
				AE130A521E4FFC3700141C97 /* EventDetailViewController.h */,
				AE130A531E4FFC3700141C97 /* EventDetailViewController.m */,
			);
			name = EventsViewer;
			sourceTree = "<group>";
		};
		AEA9FCB71E3CDA770053516E /* Time */ = {
			isa = PBXGroup;
			children = (
			);
			name = Time;
			sourceTree = "<group>";
		};
		E700A1831E4739B40001725A /* Ha Btns */ = {
			isa = PBXGroup;
			children = (
				E700A1961E4740790001725A /* ha1.png */,
				E700A1971E4740790001725A /* ha1@2x.png */,
				E700A1981E4740790001725A /* ha1@3x.png */,
				E700A19C1E4748770001725A /* HaTime.png */,
				E700A19D1E4748770001725A /* HaTime@2x.png */,
				E700A19E1E4748770001725A /* HaTime@3x.png */,
				E7F8AE8A1E4909AE00379CD6 /* Sample Frame 2.png */,
				E7F8AE8B1E4909AE00379CD6 /* Sample Frame 2@2x.png */,
				E7F8AE8C1E4909AE00379CD6 /* Sample Frame 2@3x.png */,
				E7F8AE8D1E4909AE00379CD6 /* Sample Frame 3.png */,
				E7F8AE8E1E4909AE00379CD6 /* Sample Frame 3@2x.png */,
				E7F8AE8F1E4909AE00379CD6 /* Sample Frame 3@3x.png */,
			);
			name = "Ha Btns";
			sourceTree = "<group>";
		};
		E70C46A91E365E330007FEC4 /* Calendar */ = {
			isa = PBXGroup;
			children = (
				E700A17F1E4732E90001725A /* 1.jpg */,
				E70C46AA1E365E750007FEC4 /* ViewController.h */,
				E70C46AB1E365E750007FEC4 /* ViewController.m */,
				E70C46AF1E365F410007FEC4 /* EventManager.h */,
				E70C46AD1E365F360007FEC4 /* EventManager.m */,
				E70C46B01E365F870007FEC4 /* EditEventViewController.h */,
				3DFC71171E367771004D8975 /* CalEventsTableViewCell.h */,
				3DFC71181E367771004D8975 /* CalEventsTableViewCell.m */,
			);
			name = Calendar;
			sourceTree = "<group>";
		};
		E76220A31E4FF9C200D0618C /* ActiveAgingWidget */ = {
			isa = PBXGroup;
			children = (
				E71888351E50213C00D9A6F4 /* ActiveAgingWidget.entitlements */,
				E76220A41E4FF9C200D0618C /* TodayViewController.h */,
				E76220A51E4FF9C200D0618C /* TodayViewController.m */,
				E7EC82701E51DBFA00AB2082 /* WidgetEventTableViewCell.h */,
				E7EC82711E51DBFA00AB2082 /* WidgetEventTableViewCell.m */,
				E76220A71E4FF9C200D0618C /* MainInterface.storyboard */,
				E76220AA1E4FF9C200D0618C /* Info.plist */,
			);
			path = ActiveAgingWidget;
			sourceTree = "<group>";
		};
		E7CECFED1E426BD400561645 /* Images */ = {
			isa = PBXGroup;
			children = (
				E7A88A0B1E61B0B800047433 /* sunset.png */,
				E7A88A151E630ED000047433 /* rainBg.png */,
				E7A88A131E61DFB400047433 /* sunnyBk.png */,
				E7A88A171E63209A00047433 /* tstormBg.png */,
				E7A88A191E63ED7700047433 /* nightClear.png */,
				E7A88A1F1E63F2AA00047433 /* brokenN.png */,
				E7CECFF01E426BD400561645 /* Weather Icons */,
			);
			path = Images;
			sourceTree = "<group>";
		};
		E7CECFF01E426BD400561645 /* Weather Icons */ = {
			isa = PBXGroup;
			children = (
				E7AE932B1E6053A700B04CB0 /* mist.png */,
				E7AE932C1E6053A700B04CB0 /* mist@2x.png */,
				E7AE93271E603F9E00B04CB0 /* shower.png */,
				E7AE93281E603F9E00B04CB0 /* shower@2x.png */,
				E7AE93231E603F4200B04CB0 /* broken.png */,
				E7AE93241E603F4200B04CB0 /* broken@2x.png */,
				E7A88A1B1E63F0FC00047433 /* brokenNight.png */,
				E7A88A1C1E63F0FC00047433 /* brokenNight@2x.png */,
				E7AE931F1E603F2000B04CB0 /* few-night.png */,
				E7AE93201E603F2000B04CB0 /* few-night@2x.png */,
				E7A88A2D1E649D9C00047433 /* few-day.png */,
				E7A88A2E1E649D9C00047433 /* few-day@2x.png */,
				E7AE931B1E603F0300B04CB0 /* moon.png */,
				E7AE931C1E603F0300B04CB0 /* moon@2x.png */,
				E7AE93171E603EC100B04CB0 /* snow.png */,
				E7AE93181E603EC100B04CB0 /* snow@2x.png */,
				E7AE93131E603E7C00B04CB0 /* tstorm.png */,
				E7AE93141E603E7C00B04CB0 /* tstorm@2x.png */,
				E7AE930F1E603E4300B04CB0 /* typhoon.png */,
				E7AE93101E603E4300B04CB0 /* typhoon@2x.png */,
				E7A88A291E64964000047433 /* weather-clear.png */,
				E7A88A2A1E64964000047433 /* weather-clear@2x.png */,
				E7AE930B1E60209F00B04CB0 /* rain.png */,
				E7AE930C1E60209F00B04CB0 /* rain@2x.png */,
			);
			path = "Weather Icons";
			sourceTree = "<group>";
		};
		EC1309681E2CCCAE00D21982 /* Maps */ = {
			isa = PBXGroup;
			children = (
				3DA5E5101E37AF5600D50E7C /* MapViewController.h */,
				3DA5E5111E37AF5600D50E7C /* MapViewController.m */,
				AED95D851E58996000F68D18 /* MemberDetailViewController.h */,
				AED95D861E58996000F68D18 /* MemberDetailViewController.m */,
				AED95D8E1E599CA300F68D18 /* MemberPointAnnotation.h */,
				AED95D8F1E599CA300F68D18 /* MemberPointAnnotation.m */,
				AED95D8B1E59375400F68D18 /* MemberAnnotationView.h */,
				AED95D8C1E59375400F68D18 /* MemberAnnotationView.m */,
			);
			name = Maps;
			sourceTree = "<group>";
		};
/* End PBXGroup section */

/* Begin PBXNativeTarget section */
		3DB322011E114FF7002A9FD9 /* ActiveAging_v1.0 */ = {
			isa = PBXNativeTarget;
			buildConfigurationList = 3DB322191E114FF7002A9FD9 /* Build configuration list for PBXNativeTarget "ActiveAging_v1.0" */;
			buildPhases = (
				0E44A23BFA53C345A3DF5C64 /* [CP] Check Pods Manifest.lock */,
				3DB321FE1E114FF7002A9FD9 /* Sources */,
				3DB321FF1E114FF7002A9FD9 /* Frameworks */,
				3DB322001E114FF7002A9FD9 /* Resources */,
				F6E66578BC1A9187F6F57909 /* [CP] Embed Pods Frameworks */,
				288DC9C3F7A42C76130DA6DB /* [CP] Copy Pods Resources */,
				E76220B11E4FF9C200D0618C /* Embed App Extensions */,
			);
			buildRules = (
			);
			dependencies = (
				E76220AC1E4FF9C200D0618C /* PBXTargetDependency */,
			);
			name = ActiveAging_v1.0;
			productName = ActiveAging_v1.0;
			productReference = 3DB322021E114FF7002A9FD9 /* ActiveAging_v1.0.app */;
			productType = "com.apple.product-type.application";
		};
		E762209F1E4FF9C200D0618C /* ActiveAgingWidget */ = {
			isa = PBXNativeTarget;
			buildConfigurationList = E76220B01E4FF9C200D0618C /* Build configuration list for PBXNativeTarget "ActiveAgingWidget" */;
			buildPhases = (
				E762209C1E4FF9C200D0618C /* Sources */,
				E762209D1E4FF9C200D0618C /* Frameworks */,
				E762209E1E4FF9C200D0618C /* Resources */,
			);
			buildRules = (
			);
			dependencies = (
			);
			name = ActiveAgingWidget;
			productName = ActiveAgingWidget;
			productReference = E76220A01E4FF9C200D0618C /* ActiveAgingWidget.appex */;
			productType = "com.apple.product-type.app-extension";
		};
/* End PBXNativeTarget section */

/* Begin PBXProject section */
		3DB321FA1E114FF7002A9FD9 /* Project object */ = {
			isa = PBXProject;
			attributes = {
				LastUpgradeCheck = 0820;
				ORGANIZATIONNAME = PING;
				TargetAttributes = {
					3DB322011E114FF7002A9FD9 = {
						CreatedOnToolsVersion = 8.2;
						DevelopmentTeam = XB4RF5FU56;
						ProvisioningStyle = Automatic;
						SystemCapabilities = {
							com.apple.ApplicationGroups.iOS = {
								enabled = 1;
							};
						};
					};
					E762209F1E4FF9C200D0618C = {
						CreatedOnToolsVersion = 8.2.1;
						DevelopmentTeam = XB4RF5FU56;
						ProvisioningStyle = Automatic;
						SystemCapabilities = {
							com.apple.ApplicationGroups.iOS = {
								enabled = 1;
							};
						};
					};
				};
			};
			buildConfigurationList = 3DB321FD1E114FF7002A9FD9 /* Build configuration list for PBXProject "ActiveAging_v1.0" */;
			compatibilityVersion = "Xcode 3.2";
			developmentRegion = English;
			hasScannedForEncodings = 0;
			knownRegions = (
				en,
				Base,
			);
			mainGroup = 3DB321F91E114FF7002A9FD9;
			productRefGroup = 3DB322031E114FF7002A9FD9 /* Products */;
			projectDirPath = "";
			projectRoot = "";
			targets = (
				3DB322011E114FF7002A9FD9 /* ActiveAging_v1.0 */,
				E762209F1E4FF9C200D0618C /* ActiveAgingWidget */,
			);
		};
/* End PBXProject section */

/* Begin PBXResourcesBuildPhase section */
		3DB322001E114FF7002A9FD9 /* Resources */ = {
			isa = PBXResourcesBuildPhase;
			buildActionMask = 2147483647;
			files = (
				E7A88A161E630ED000047433 /* rainBg.png in Resources */,
				E700A1A01E4748770001725A /* HaTime@2x.png in Resources */,
				E700A1801E4732E90001725A /* 1.jpg in Resources */,
				E7A88A2F1E649D9C00047433 /* few-day.png in Resources */,
				E7AE932D1E6053A700B04CB0 /* mist.png in Resources */,
				E7AE931D1E603F0300B04CB0 /* moon.png in Resources */,
				E7F8AE871E49060100379CD6 /* LaunchScreen.png in Resources */,
				E7AE932A1E603F9E00B04CB0 /* shower@2x.png in Resources */,
				E7A88A141E61DFB400047433 /* sunnyBk.png in Resources */,
				3D50154E1E23AB42006F5F20 /* Calendar.storyboard in Resources */,
				E7F8A1BB1E60788100D98970 /* Take off&Good luck child interest Chinese Font-Traditional Chinese Fonts.ttf in Resources */,
				E7A88A1D1E63F0FC00047433 /* brokenNight.png in Resources */,
				E7A88A1A1E63ED7700047433 /* nightClear.png in Resources */,
				E7A88A1E1E63F0FC00047433 /* brokenNight@2x.png in Resources */,
				E7A88A201E63F2AA00047433 /* brokenN.png in Resources */,
				E7F8AE891E49060100379CD6 /* LaunchScreen@3x.png in Resources */,
				E7A88A2C1E64964000047433 /* weather-clear@2x.png in Resources */,
				E700A1A11E4748770001725A /* HaTime@3x.png in Resources */,
				3D5015501E23ABC2006F5F20 /* Map.storyboard in Resources */,
				3DB322151E114FF7002A9FD9 /* LaunchScreen.storyboard in Resources */,
				E7AE93161E603E7C00B04CB0 /* tstorm@2x.png in Resources */,
				E7AE93151E603E7C00B04CB0 /* tstorm.png in Resources */,
				E7F8AE931E4909AE00379CD6 /* Sample Frame 3.png in Resources */,
				E7AE93291E603F9E00B04CB0 /* shower.png in Resources */,
				E7AE93251E603F4200B04CB0 /* broken.png in Resources */,
				E7AE930D1E60209F00B04CB0 /* rain.png in Resources */,
				E700A1991E4740790001725A /* ha1.png in Resources */,
				E7F8AE951E4909AE00379CD6 /* Sample Frame 3@3x.png in Resources */,
				E7AE93111E603E4300B04CB0 /* typhoon.png in Resources */,
				E7A88A181E63209A00047433 /* tstormBg.png in Resources */,
				3DB3221E1E1182DC002A9FD9 /* Weather.storyboard in Resources */,
				3DB322121E114FF7002A9FD9 /* Assets.xcassets in Resources */,
				E7AE931E1E603F0300B04CB0 /* moon@2x.png in Resources */,
				E7F8AE921E4909AE00379CD6 /* Sample Frame 2@3x.png in Resources */,
				3D5015531E23ABED006F5F20 /* Contact.storyboard in Resources */,
				E7AE93121E603E4300B04CB0 /* typhoon@2x.png in Resources */,
				E7AE93211E603F2000B04CB0 /* few-night.png in Resources */,
				E7A88A281E641C7200047433 /* Logo.png in Resources */,
				E700A19B1E4740790001725A /* ha1@3x.png in Resources */,
				3D4521141E2ECDE0002E416C /* Cuties.jpg in Resources */,
				E7A88A301E649D9C00047433 /* few-day@2x.png in Resources */,
				E7F8AE911E4909AE00379CD6 /* Sample Frame 2@2x.png in Resources */,
				E7AE931A1E603EC100B04CB0 /* snow@2x.png in Resources */,
				E7F8AE881E49060100379CD6 /* LaunchScreen@2x.png in Resources */,
				E7F8AE901E4909AE00379CD6 /* Sample Frame 2.png in Resources */,
				3DB322101E114FF7002A9FD9 /* Main.storyboard in Resources */,
				E700A19A1E4740790001725A /* ha1@2x.png in Resources */,
				E7AE932E1E6053A700B04CB0 /* mist@2x.png in Resources */,
				E7AE93221E603F2000B04CB0 /* few-night@2x.png in Resources */,
				E700A19F1E4748770001725A /* HaTime.png in Resources */,
				E7F8AE941E4909AE00379CD6 /* Sample Frame 3@2x.png in Resources */,
				3D81C4581E33509C00C8E22F /* Plus.png in Resources */,
				E7AE93191E603EC100B04CB0 /* snow.png in Resources */,
				E7AE930E1E60209F00B04CB0 /* rain@2x.png in Resources */,
				E7AE93261E603F4200B04CB0 /* broken@2x.png in Resources */,
				E7A88A0C1E61B0B800047433 /* sunset.png in Resources */,
				E7A88A2B1E64964000047433 /* weather-clear.png in Resources */,
				3D50154C1E23AB21006F5F20 /* Events.storyboard in Resources */,
			);
			runOnlyForDeploymentPostprocessing = 0;
		};
		E762209E1E4FF9C200D0618C /* Resources */ = {
			isa = PBXResourcesBuildPhase;
			buildActionMask = 2147483647;
			files = (
				E76220A91E4FF9C200D0618C /* MainInterface.storyboard in Resources */,
				E7F8A1BC1E60788100D98970 /* Take off&Good luck child interest Chinese Font-Traditional Chinese Fonts.ttf in Resources */,
			);
			runOnlyForDeploymentPostprocessing = 0;
		};
/* End PBXResourcesBuildPhase section */

/* Begin PBXShellScriptBuildPhase section */
		0E44A23BFA53C345A3DF5C64 /* [CP] Check Pods Manifest.lock */ = {
			isa = PBXShellScriptBuildPhase;
			buildActionMask = 2147483647;
			files = (
			);
			inputPaths = (
			);
			name = "[CP] Check Pods Manifest.lock";
			outputPaths = (
			);
			runOnlyForDeploymentPostprocessing = 0;
			shellPath = /bin/sh;
			shellScript = "diff \"${PODS_ROOT}/../Podfile.lock\" \"${PODS_ROOT}/Manifest.lock\" > /dev/null\nif [ $? != 0 ] ; then\n    # print error to STDERR\n    echo \"error: The sandbox is not in sync with the Podfile.lock. Run 'pod install' or update your CocoaPods installation.\" >&2\n    exit 1\nfi\n";
			showEnvVarsInLog = 0;
		};
		288DC9C3F7A42C76130DA6DB /* [CP] Copy Pods Resources */ = {
			isa = PBXShellScriptBuildPhase;
			buildActionMask = 2147483647;
			files = (
			);
			inputPaths = (
			);
			name = "[CP] Copy Pods Resources";
			outputPaths = (
			);
			runOnlyForDeploymentPostprocessing = 0;
			shellPath = /bin/sh;
			shellScript = "\"${SRCROOT}/Pods/Target Support Files/Pods-ActiveAging_v1.0/Pods-ActiveAging_v1.0-resources.sh\"\n";
			showEnvVarsInLog = 0;
		};
		F6E66578BC1A9187F6F57909 /* [CP] Embed Pods Frameworks */ = {
			isa = PBXShellScriptBuildPhase;
			buildActionMask = 2147483647;
			files = (
			);
			inputPaths = (
			);
			name = "[CP] Embed Pods Frameworks";
			outputPaths = (
			);
			runOnlyForDeploymentPostprocessing = 0;
			shellPath = /bin/sh;
			shellScript = "\"${SRCROOT}/Pods/Target Support Files/Pods-ActiveAging_v1.0/Pods-ActiveAging_v1.0-frameworks.sh\"\n";
			showEnvVarsInLog = 0;
		};
/* End PBXShellScriptBuildPhase section */

/* Begin PBXSourcesBuildPhase section */
		3DB321FE1E114FF7002A9FD9 /* Sources */ = {
			isa = PBXSourcesBuildPhase;
			buildActionMask = 2147483647;
			files = (
				3D45211E1E2EFBA2002E416C /* InputNameViewController.m in Sources */,
				3D4521121E2EC1C6002E416C /* UserInfo.m in Sources */,
				AE240FE81E42111700AB6B33 /* ContactTableViewCell.m in Sources */,
				3D45211B1E2EFB67002E416C /* WelcomeViewController.m in Sources */,
				E7CECFEC1E426B2800561645 /* WeatherViewController.m in Sources */,
				AE09A0351E506D1D00F55B46 /* TimeViewController.m in Sources */,
				3D5015601E26079C006F5F20 /* AccountVerificationViewController.m in Sources */,
				3D81C45E1E34643800C8E22F /* EventsViewController.m in Sources */,
				3D45212B1E2F09BD002E416C /* HomePageViewController.m in Sources */,
				AE0B0E551E46D69B00C4F076 /* SubViewController.m in Sources */,
				E7CECFE81E426B2800561645 /* WeatherClient.m in Sources */,
				AE130A541E4FFC3700141C97 /* EventDetailViewController.m in Sources */,
				3DA5E5121E37AF5600D50E7C /* MapViewController.m in Sources */,
				AE10E2D51E50245400BEC03D /* OrganizationViewController.m in Sources */,
				AE1D3F4D1E52BB100011C6F8 /* CallButton.m in Sources */,
				3D4521271E2EFC08002E416C /* PhotoViewController.m in Sources */,
				AE09E5CD1E47571D0056110B /* LocationManager.m in Sources */,
				AE09A0381E506D3000F55B46 /* LocationViewController.m in Sources */,
				E70C46AC1E365E750007FEC4 /* ViewController.m in Sources */,
				E7CECFE91E426B2800561645 /* WeatherCondition.m in Sources */,
				3D4521241E2EFBD3002E416C /* ConfirmationViewController.m in Sources */,
				3D4521181E2ED2F5002E416C /* ServerManager.m in Sources */,
				3DB3220A1E114FF7002A9FD9 /* AppDelegate.m in Sources */,
				AED95D901E599CA300F68D18 /* MemberPointAnnotation.m in Sources */,
				3D02065F1E35B56500DCED4D /* EventDetailSorter.m in Sources */,
				E7CECFEA1E426B2800561645 /* WeatherDailyForecast.m in Sources */,
				3D45210F1E2EC189002E416C /* KeychainManager.m in Sources */,
				AE10E2DB1E50247100BEC03D /* DescriptionViewController.m in Sources */,
				AED95D8D1E59375400F68D18 /* MemberAnnotationView.m in Sources */,
				AE0A0A581E600B01009572EA /* MKMapView+Autoadjustment.m in Sources */,
				AE46F48B1E43FE7F00ED51A1 /* ImageManager.m in Sources */,
				3DFC71191E367771004D8975 /* CalEventsTableViewCell.m in Sources */,
				AE09E5C61E470E640056110B /* EmergencyButton.m in Sources */,
				E7CECFEB1E426B2800561645 /* WeatherManager.m in Sources */,
				AE46F48E1E4401D000ED51A1 /* DataManager.m in Sources */,
				AE1250B41E540266000CDAD6 /* DateManager.m in Sources */,
				E70C46AE1E365F360007FEC4 /* EventManager.m in Sources */,
				3D4521321E2F3159002E416C /* SetupViewController.m in Sources */,
				AE0A0A5E1E6069A6009572EA /* WelcomeBackViewController.m in Sources */,
				3DB322071E114FF7002A9FD9 /* main.m in Sources */,
				AED95D871E58996000F68D18 /* MemberDetailViewController.m in Sources */,
				E70C46A51E3657F50007FEC4 /* SQLite3DBManager.m in Sources */,
				3D81C45B1E34629A00C8E22F /* EventTableViewCell.m in Sources */,
				AE240FE51E41B2C900AB6B33 /* ContactListViewController.m in Sources */,
			);
			runOnlyForDeploymentPostprocessing = 0;
		};
		E762209C1E4FF9C200D0618C /* Sources */ = {
			isa = PBXSourcesBuildPhase;
			buildActionMask = 2147483647;
			files = (
				E7EC82721E51DBFA00AB2082 /* WidgetEventTableViewCell.m in Sources */,
				E76220A61E4FF9C200D0618C /* TodayViewController.m in Sources */,
			);
			runOnlyForDeploymentPostprocessing = 0;
		};
/* End PBXSourcesBuildPhase section */

/* Begin PBXTargetDependency section */
		E76220AC1E4FF9C200D0618C /* PBXTargetDependency */ = {
			isa = PBXTargetDependency;
			target = E762209F1E4FF9C200D0618C /* ActiveAgingWidget */;
			targetProxy = E76220AB1E4FF9C200D0618C /* PBXContainerItemProxy */;
		};
/* End PBXTargetDependency section */

/* Begin PBXVariantGroup section */
		3D50154A1E23AB21006F5F20 /* Events.storyboard */ = {
			isa = PBXVariantGroup;
			children = (
				3D50154B1E23AB21006F5F20 /* Base */,
			);
			name = Events.storyboard;
			sourceTree = "<group>";
		};
		3D5015511E23ABED006F5F20 /* Contact.storyboard */ = {
			isa = PBXVariantGroup;
			children = (
				3D5015521E23ABED006F5F20 /* Base */,
			);
			name = Contact.storyboard;
			sourceTree = "<group>";
		};
		3DB3220E1E114FF7002A9FD9 /* Main.storyboard */ = {
			isa = PBXVariantGroup;
			children = (
				3DB3220F1E114FF7002A9FD9 /* Base */,
			);
			name = Main.storyboard;
			sourceTree = "<group>";
		};
		3DB322131E114FF7002A9FD9 /* LaunchScreen.storyboard */ = {
			isa = PBXVariantGroup;
			children = (
				3DB322141E114FF7002A9FD9 /* Base */,
			);
			name = LaunchScreen.storyboard;
			sourceTree = "<group>";
		};
		3DB3221C1E1182DC002A9FD9 /* Weather.storyboard */ = {
			isa = PBXVariantGroup;
			children = (
				3DB3221D1E1182DC002A9FD9 /* Base */,
			);
			name = Weather.storyboard;
			sourceTree = "<group>";
		};
		E76220A71E4FF9C200D0618C /* MainInterface.storyboard */ = {
			isa = PBXVariantGroup;
			children = (
				E76220A81E4FF9C200D0618C /* Base */,
			);
			name = MainInterface.storyboard;
			sourceTree = "<group>";
		};
/* End PBXVariantGroup section */

/* Begin XCBuildConfiguration section */
		3DB322171E114FF7002A9FD9 /* Debug */ = {
			isa = XCBuildConfiguration;
			buildSettings = {
				ALWAYS_SEARCH_USER_PATHS = NO;
				CLANG_ANALYZER_NONNULL = YES;
				CLANG_CXX_LANGUAGE_STANDARD = "gnu++0x";
				CLANG_CXX_LIBRARY = "libc++";
				CLANG_ENABLE_MODULES = YES;
				CLANG_ENABLE_OBJC_ARC = YES;
				CLANG_WARN_BOOL_CONVERSION = YES;
				CLANG_WARN_CONSTANT_CONVERSION = YES;
				CLANG_WARN_DIRECT_OBJC_ISA_USAGE = YES_ERROR;
				CLANG_WARN_DOCUMENTATION_COMMENTS = YES;
				CLANG_WARN_EMPTY_BODY = YES;
				CLANG_WARN_ENUM_CONVERSION = YES;
				CLANG_WARN_INFINITE_RECURSION = YES;
				CLANG_WARN_INT_CONVERSION = YES;
				CLANG_WARN_OBJC_ROOT_CLASS = YES_ERROR;
				CLANG_WARN_SUSPICIOUS_MOVE = YES;
				CLANG_WARN_UNREACHABLE_CODE = YES;
				CLANG_WARN__DUPLICATE_METHOD_MATCH = YES;
				"CODE_SIGN_IDENTITY[sdk=iphoneos*]" = "iPhone Developer";
				COPY_PHASE_STRIP = NO;
				DEBUG_INFORMATION_FORMAT = dwarf;
				ENABLE_STRICT_OBJC_MSGSEND = YES;
				ENABLE_TESTABILITY = YES;
				GCC_C_LANGUAGE_STANDARD = gnu99;
				GCC_DYNAMIC_NO_PIC = NO;
				GCC_NO_COMMON_BLOCKS = YES;
				GCC_OPTIMIZATION_LEVEL = 0;
				GCC_PREPROCESSOR_DEFINITIONS = (
					"DEBUG=1",
					"$(inherited)",
				);
				GCC_WARN_64_TO_32_BIT_CONVERSION = YES;
				GCC_WARN_ABOUT_RETURN_TYPE = YES_ERROR;
				GCC_WARN_UNDECLARED_SELECTOR = YES;
				GCC_WARN_UNINITIALIZED_AUTOS = YES_AGGRESSIVE;
				GCC_WARN_UNUSED_FUNCTION = YES;
				GCC_WARN_UNUSED_VARIABLE = YES;
				IPHONEOS_DEPLOYMENT_TARGET = 10.2;
				MTL_ENABLE_DEBUG_INFO = YES;
				ONLY_ACTIVE_ARCH = YES;
				SDKROOT = iphoneos;
				TARGETED_DEVICE_FAMILY = "1,2";
			};
			name = Debug;
		};
		3DB322181E114FF7002A9FD9 /* Release */ = {
			isa = XCBuildConfiguration;
			buildSettings = {
				ALWAYS_SEARCH_USER_PATHS = NO;
				CLANG_ANALYZER_NONNULL = YES;
				CLANG_CXX_LANGUAGE_STANDARD = "gnu++0x";
				CLANG_CXX_LIBRARY = "libc++";
				CLANG_ENABLE_MODULES = YES;
				CLANG_ENABLE_OBJC_ARC = YES;
				CLANG_WARN_BOOL_CONVERSION = YES;
				CLANG_WARN_CONSTANT_CONVERSION = YES;
				CLANG_WARN_DIRECT_OBJC_ISA_USAGE = YES_ERROR;
				CLANG_WARN_DOCUMENTATION_COMMENTS = YES;
				CLANG_WARN_EMPTY_BODY = YES;
				CLANG_WARN_ENUM_CONVERSION = YES;
				CLANG_WARN_INFINITE_RECURSION = YES;
				CLANG_WARN_INT_CONVERSION = YES;
				CLANG_WARN_OBJC_ROOT_CLASS = YES_ERROR;
				CLANG_WARN_SUSPICIOUS_MOVE = YES;
				CLANG_WARN_UNREACHABLE_CODE = YES;
				CLANG_WARN__DUPLICATE_METHOD_MATCH = YES;
				"CODE_SIGN_IDENTITY[sdk=iphoneos*]" = "iPhone Developer";
				COPY_PHASE_STRIP = NO;
				DEBUG_INFORMATION_FORMAT = "dwarf-with-dsym";
				ENABLE_NS_ASSERTIONS = NO;
				ENABLE_STRICT_OBJC_MSGSEND = YES;
				GCC_C_LANGUAGE_STANDARD = gnu99;
				GCC_NO_COMMON_BLOCKS = YES;
				GCC_WARN_64_TO_32_BIT_CONVERSION = YES;
				GCC_WARN_ABOUT_RETURN_TYPE = YES_ERROR;
				GCC_WARN_UNDECLARED_SELECTOR = YES;
				GCC_WARN_UNINITIALIZED_AUTOS = YES_AGGRESSIVE;
				GCC_WARN_UNUSED_FUNCTION = YES;
				GCC_WARN_UNUSED_VARIABLE = YES;
				IPHONEOS_DEPLOYMENT_TARGET = 10.2;
				MTL_ENABLE_DEBUG_INFO = NO;
				SDKROOT = iphoneos;
				TARGETED_DEVICE_FAMILY = "1,2";
				VALIDATE_PRODUCT = YES;
			};
			name = Release;
		};
		3DB3221A1E114FF7002A9FD9 /* Debug */ = {
			isa = XCBuildConfiguration;
			baseConfigurationReference = B79FEDE8AEA70ECDDC3931BC /* Pods-ActiveAging_v1.0.debug.xcconfig */;
			buildSettings = {
				ASSETCATALOG_COMPILER_APPICON_NAME = AppIcon;
				CODE_SIGN_ENTITLEMENTS = ActiveAging_v1.0/ActiveAging_v1.0.entitlements;
				"CODE_SIGN_IDENTITY[sdk=iphoneos*]" = "iPhone Developer";
				DEVELOPMENT_TEAM = XB4RF5FU56;
				INFOPLIST_FILE = ActiveAging_v1.0/Info.plist;
				IPHONEOS_DEPLOYMENT_TARGET = 10.2;
				LD_RUNPATH_SEARCH_PATHS = "$(inherited) @executable_path/Frameworks";
				PRODUCT_BUNDLE_IDENTIFIER = "com.J.ActiveAging-V";
				PRODUCT_NAME = "$(TARGET_NAME)";
				TARGETED_DEVICE_FAMILY = 1;
			};
			name = Debug;
		};
		3DB3221B1E114FF7002A9FD9 /* Release */ = {
			isa = XCBuildConfiguration;
			baseConfigurationReference = B227D972DDCA904F9E93DF17 /* Pods-ActiveAging_v1.0.release.xcconfig */;
			buildSettings = {
				ASSETCATALOG_COMPILER_APPICON_NAME = AppIcon;
				CODE_SIGN_ENTITLEMENTS = ActiveAging_v1.0/ActiveAging_v1.0.entitlements;
				"CODE_SIGN_IDENTITY[sdk=iphoneos*]" = "iPhone Developer";
				DEVELOPMENT_TEAM = XB4RF5FU56;
				INFOPLIST_FILE = ActiveAging_v1.0/Info.plist;
				IPHONEOS_DEPLOYMENT_TARGET = 10.2;
				LD_RUNPATH_SEARCH_PATHS = "$(inherited) @executable_path/Frameworks";
				PRODUCT_BUNDLE_IDENTIFIER = "com.J.ActiveAging-V";
				PRODUCT_NAME = "$(TARGET_NAME)";
				TARGETED_DEVICE_FAMILY = 1;
			};
			name = Release;
		};
		E76220AE1E4FF9C200D0618C /* Debug */ = {
			isa = XCBuildConfiguration;
			buildSettings = {
				CODE_SIGN_ENTITLEMENTS = ActiveAgingWidget/ActiveAgingWidget.entitlements;
				DEVELOPMENT_TEAM = XB4RF5FU56;
				INFOPLIST_FILE = ActiveAgingWidget/Info.plist;
				LD_RUNPATH_SEARCH_PATHS = "$(inherited) @executable_path/Frameworks @executable_path/../../Frameworks";
				PRODUCT_BUNDLE_IDENTIFIER = "com.J.ActiveAging-V.ActiveAgingWidget";
				PRODUCT_NAME = "$(TARGET_NAME)";
				SKIP_INSTALL = YES;
			};
			name = Debug;
		};
		E76220AF1E4FF9C200D0618C /* Release */ = {
			isa = XCBuildConfiguration;
			buildSettings = {
				CODE_SIGN_ENTITLEMENTS = ActiveAgingWidget/ActiveAgingWidget.entitlements;
				DEVELOPMENT_TEAM = XB4RF5FU56;
				INFOPLIST_FILE = ActiveAgingWidget/Info.plist;
				LD_RUNPATH_SEARCH_PATHS = "$(inherited) @executable_path/Frameworks @executable_path/../../Frameworks";
				PRODUCT_BUNDLE_IDENTIFIER = "com.J.ActiveAging-V.ActiveAgingWidget";
				PRODUCT_NAME = "$(TARGET_NAME)";
				SKIP_INSTALL = YES;
			};
			name = Release;
		};
/* End XCBuildConfiguration section */

/* Begin XCConfigurationList section */
		3DB321FD1E114FF7002A9FD9 /* Build configuration list for PBXProject "ActiveAging_v1.0" */ = {
			isa = XCConfigurationList;
			buildConfigurations = (
				3DB322171E114FF7002A9FD9 /* Debug */,
				3DB322181E114FF7002A9FD9 /* Release */,
			);
			defaultConfigurationIsVisible = 0;
			defaultConfigurationName = Release;
		};
		3DB322191E114FF7002A9FD9 /* Build configuration list for PBXNativeTarget "ActiveAging_v1.0" */ = {
			isa = XCConfigurationList;
			buildConfigurations = (
				3DB3221A1E114FF7002A9FD9 /* Debug */,
				3DB3221B1E114FF7002A9FD9 /* Release */,
			);
			defaultConfigurationIsVisible = 0;
			defaultConfigurationName = Release;
		};
		E76220B01E4FF9C200D0618C /* Build configuration list for PBXNativeTarget "ActiveAgingWidget" */ = {
			isa = XCConfigurationList;
			buildConfigurations = (
				E76220AE1E4FF9C200D0618C /* Debug */,
				E76220AF1E4FF9C200D0618C /* Release */,
			);
			defaultConfigurationIsVisible = 0;
			defaultConfigurationName = Release;
		};
/* End XCConfigurationList section */
	};
	rootObject = 3DB321FA1E114FF7002A9FD9 /* Project object */;
}
